
Microsoft Visual Studio Solution File, Format Version 12.00
# Visual Studio Version 16
VisualStudioVersion = 16.0.30717.126
MinimumVisualStudioVersion = 10.0.40219.1
Project("{8BC9CEB8-8B4A-11D0-8D11-00A0C91BC942}") = "test2_9_3", "test2_9_3\test2_9_3.vcxproj", "{03474308-F26D-4684-AE73-323667731EFF}"
EndProject
Project("{8BC9CEB8-8B4A-11D0-8D11-00A0C91BC942}") = "3_1", "3_1\3_1.vcxproj", "{C291583A-2BB0-4DEF-BACE-680FECEF71F7}"
EndProject
Project("{8BC9CEB8-8B4A-11D0-8D11-00A0C91BC942}") = "3_2", "3_2\3_2.vcxproj", "{AFA52545-6382-46C9-BF0E-A426DEB8932D}"
EndProject
Project("{8BC9CEB8-8B4A-11D0-8D11-00A0C91BC942}") = "3_3", "3_3\3_3.vcxproj", "{48D2554F-B04E-4164-9F02-15B8C01D4E01}"
EndProject
Project("{8BC9CEB8-8B4A-11D0-8D11-00A0C91BC942}") = "3_4", "3_4\3_4.vcxproj", "{0D854A60-FC80-4F45-987F-84AB3639F1C2}"
EndProject
Project("{8BC9CEB8-8B4A-11D0-8D11-00A0C91BC942}") = "3_5", "3_5\3_5.vcxproj", "{D1F25A96-37C1-47BC-AF66-0F7EF0FDADA3}"
EndProject
Project("{8BC9CEB8-8B4A-11D0-8D11-00A0C91BC942}") = "3_6", "3_6\3_6.vcxproj", "{BA54E95F-693A-47B4-8167-1C889C4CDF85}"
EndProject
Project("{8BC9CEB8-8B4A-11D0-8D11-00A0C91BC942}") = "3_7", "3_7\3_7.vcxproj", "{347223BF-5EB3-4155-977F-83864C8861B8}"
EndProject
Project("{8BC9CEB8-8B4A-11D0-8D11-00A0C91BC942}") = "3_8", "3_8\3_8.vcxproj", "{75B92BC3-02BE-4BE1-96A3-CB56F44338F1}"
EndProject
Project("{8BC9CEB8-8B4A-11D0-8D11-00A0C91BC942}") = "3_9", "test_3_4_2\test_3_4_2.vcxproj", "{450966E9-710A-424F-8339-D13A170F1652}"
EndProject
Project("{8BC9CEB8-8B4A-11D0-8D11-00A0C91BC942}") = "3_10", "3_10\3_10.vcxproj", "{E3FE173A-4BAE-4CBD-949C-DA18B09D3026}"
EndProject
Project("{8BC9CEB8-8B4A-11D0-8D11-00A0C91BC942}") = "3_11", "3_11\3_11.vcxproj", "{C094610F-884E-4C66-A21D-9352C0DC1B25}"
EndProject
Project("{8BC9CEB8-8B4A-11D0-8D11-00A0C91BC942}") = "3_12", "3_12\3_12.vcxproj", "{AA0610AF-6843-4C55-B14A-83BF8243EBB9}"
EndProject
Project("{8BC9CEB8-8B4A-11D0-8D11-00A0C91BC942}") = "3_13", "3_13\3_13.vcxproj", "{1FEFF44B-1E83-460E-AAE9-FE0726C009C5}"
EndProject
Project("{8BC9CEB8-8B4A-11D0-8D11-00A0C91BC942}") = "test_3_6_3", "test_3_6_3\test_3_6_3.vcxproj", "{DBD435BC-B8DD-40FA-9F57-922D8F3FF7DD}"
EndProject
Project("{8BC9CEB8-8B4A-11D0-8D11-00A0C91BC942}") = "4_1", "4_1\4_1.vcxproj", "{80D9D29A-B4F3-483B-B1C3-92E999DC7C9D}"
EndProject
Project("{8BC9CEB8-8B4A-11D0-8D11-00A0C91BC942}") = "4_2", "4_2\4_2.vcxproj", "{F75C7D25-0E72-4F83-AFF6-E7969B10C457}"
EndProject
Project("{8BC9CEB8-8B4A-11D0-8D11-00A0C91BC942}") = "4_3", "4_3\4_3.vcxproj", "{8B5869FA-A35D-4EA3-9B37-FC894DF35866}"
EndProject
Project("{8BC9CEB8-8B4A-11D0-8D11-00A0C91BC942}") = "4_4", "4_4\4_4.vcxproj", "{A84B6681-8DD6-4EA9-A468-492176FFD2B0}"
EndProject
Project("{8BC9CEB8-8B4A-11D0-8D11-00A0C91BC942}") = "4_5", "4_5\4_5.vcxproj", "{7B844FE2-4359-49E1-A0CB-2753F9A05B37}"
EndProject
Project("{8BC9CEB8-8B4A-11D0-8D11-00A0C91BC942}") = "4_6", "4_6\4_6.vcxproj", "{5606ED27-CBF1-4E3B-8345-0BD523F2F05A}"
EndProject
Project("{8BC9CEB8-8B4A-11D0-8D11-00A0C91BC942}") = "4_7", "4_7\4_7.vcxproj", "{ED8C0272-6EDB-43DE-B1E4-221D66319655}"
EndProject
Project("{8BC9CEB8-8B4A-11D0-8D11-00A0C91BC942}") = "4_8", "4_8\4_8.vcxproj", "{DEC5753A-8148-4B38-8B56-7DD158CED348}"
EndProject
Project("{8BC9CEB8-8B4A-11D0-8D11-00A0C91BC942}") = "4_9", "4_9\4_9.vcxproj", "{224F174D-725B-4ED6-8490-6BE464F5B3B6}"
EndProject
Project("{8BC9CEB8-8B4A-11D0-8D11-00A0C91BC942}") = "4_10", "4_10\4_10.vcxproj", "{462FBE90-953B-4349-AEEB-0ECFC31A2396}"
EndProject
Project("{8BC9CEB8-8B4A-11D0-8D11-00A0C91BC942}") = "4_11", "4_11\4_11.vcxproj", "{4C7B4BA5-1A9C-4F88-B282-E1C35B26DABB}"
EndProject
Project("{8BC9CEB8-8B4A-11D0-8D11-00A0C91BC942}") = "4_12", "4_15\4_15.vcxproj", "{994B0409-C1E5-4FA6-8FF9-B52F188E21A7}"
EndProject
Project("{8BC9CEB8-8B4A-11D0-8D11-00A0C91BC942}") = "4_13", "4_13\4_13.vcxproj", "{204BC776-8CE3-409B-B809-0BA4D4D1551F}"
EndProject
Project("{8BC9CEB8-8B4A-11D0-8D11-00A0C91BC942}") = "4_14", "4_14\4_14.vcxproj", "{6BE97A71-2DEB-4186-9B4E-F82A76BEA77A}"
EndProject
Project("{8BC9CEB8-8B4A-11D0-8D11-00A0C91BC942}") = "4_15", "4_15_\4_15_.vcxproj", "{DEAF0FA2-C1F9-4A0F-8D5E-3107C761CD73}"
EndProject
Project("{8BC9CEB8-8B4A-11D0-8D11-00A0C91BC942}") = "test_4_9_3", "test_4_9_3\test_4_9_3.vcxproj", "{C9304E29-29FA-47D3-B764-63613DBA9CD7}"
EndProject
Project("{8BC9CEB8-8B4A-11D0-8D11-00A0C91BC942}") = "5_1", "5_1\5_1.vcxproj", "{4D7F50D4-17A3-4D13-B953-94400A2B88E8}"
EndProject
Project("{8BC9CEB8-8B4A-11D0-8D11-00A0C91BC942}") = "5_2", "5_2\5_2.vcxproj", "{D9C7890F-A64E-4B9C-B7B7-A6D7A396A3E2}"
EndProject
Project("{8BC9CEB8-8B4A-11D0-8D11-00A0C91BC942}") = "5_3", "5——3\5——3.vcxproj", "{90F97D41-AB5B-457E-877E-564C9443FF4A}"
EndProject
Project("{8BC9CEB8-8B4A-11D0-8D11-00A0C91BC942}") = "5_4", "5_4\5_4.vcxproj", "{A383A1FF-385B-4738-929C-830B56796138}"
EndProject
Project("{8BC9CEB8-8B4A-11D0-8D11-00A0C91BC942}") = "5_5", "5_5\5_5.vcxproj", "{32068734-BC7C-4F64-828F-1215A327B536}"
EndProject
Project("{8BC9CEB8-8B4A-11D0-8D11-00A0C91BC942}") = "5_6", "5_6\5_6.vcxproj", "{125F5FB1-1461-4330-B7B2-0B7965FC3499}"
EndProject
Project("{8BC9CEB8-8B4A-11D0-8D11-00A0C91BC942}") = "5_7", "5_7\5_7.vcxproj", "{A9CAB790-F747-4865-BD83-BF66F30B44E5}"
EndProject
Project("{8BC9CEB8-8B4A-11D0-8D11-00A0C91BC942}") = "5_8", "5_8\5_8.vcxproj", "{04714C47-5B5B-43FC-B322-C2CF1E40F99F}"
EndProject
Project("{8BC9CEB8-8B4A-11D0-8D11-00A0C91BC942}") = "5_9", "5_9\5_9.vcxproj", "{10E8F22A-9766-4491-A9FF-FC7AF0877F87}"
EndProject
Project("{8BC9CEB8-8B4A-11D0-8D11-00A0C91BC942}") = "5_10", "5_10\5_10.vcxproj", "{0CABFC22-1142-4011-8AFD-4FC83B83B3DB}"
EndProject
Project("{8BC9CEB8-8B4A-11D0-8D11-00A0C91BC942}") = "5_11", "5_11\5_11.vcxproj", "{C43CB3EC-8FAF-447F-9599-71626668C04A}"
EndProject
Project("{8BC9CEB8-8B4A-11D0-8D11-00A0C91BC942}") = "5_12", "5_12\5_12.vcxproj", "{5BE74A9A-D702-47C0-A1DA-54BBE57549FC}"
EndProject
Project("{8BC9CEB8-8B4A-11D0-8D11-00A0C91BC942}") = "5_13", "5_13\5_13.vcxproj", "{9B532CA1-1C1C-44D7-8D9F-5C794357FB8C}"
EndProject
Project("{8BC9CEB8-8B4A-11D0-8D11-00A0C91BC942}") = "5_14", "5_14\5_14.vcxproj", "{7C8CE3F0-D93A-4033-830F-CD4847B9ECF8}"
EndProject
Project("{8BC9CEB8-8B4A-11D0-8D11-00A0C91BC942}") = "5_15", "5_15\5_15.vcxproj", "{260AC28E-6DCB-428D-B999-D53135902E91}"
EndProject
Project("{8BC9CEB8-8B4A-11D0-8D11-00A0C91BC942}") = "5_16", "5_16\5_16.vcxproj", "{D665E7C2-17E5-4ECB-AC9C-B20AB8C193F1}"
EndProject
Project("{8BC9CEB8-8B4A-11D0-8D11-00A0C91BC942}") = "5_17", "5_17\5_17.vcxproj", "{C18C29AC-E7F5-4D29-AAC7-66A5F2E6AA8F}"
EndProject
Project("{8BC9CEB8-8B4A-11D0-8D11-00A0C91BC942}") = "5_18", "5_18\5_18.vcxproj", "{FD4F07D8-E67D-4687-A289-4634F5510D09}"
EndProject
Project("{8BC9CEB8-8B4A-11D0-8D11-00A0C91BC942}") = "6_1", "6_1\6_1.vcxproj", "{97ACCCB4-B1D6-4166-B7EE-2F2FCA7EC3DB}"
EndProject
Project("{8BC9CEB8-8B4A-11D0-8D11-00A0C91BC942}") = "6_2", "6_2\6_2.vcxproj", "{583860C0-AA84-4B9A-8655-46BACCA64862}"
EndProject
Project("{8BC9CEB8-8B4A-11D0-8D11-00A0C91BC942}") = "6_3", "6_3\6_3.vcxproj", "{DAC0E6D6-2A72-46DC-97D5-90F1287FC571}"
EndProject
Project("{8BC9CEB8-8B4A-11D0-8D11-00A0C91BC942}") = "6_4", "6_4\6_4.vcxproj", "{AF5DC844-5E78-4A04-B558-934DEE8D4190}"
EndProject
Project("{8BC9CEB8-8B4A-11D0-8D11-00A0C91BC942}") = "6_5", "6_5\6_5.vcxproj", "{A12FCD3E-2CAC-448D-9CB8-A00E914C3B47}"
EndProject
Project("{8BC9CEB8-8B4A-11D0-8D11-00A0C91BC942}") = "6_6", "6_6\6_6.vcxproj", "{6E1B07D0-6563-430E-B2D6-155BE25B43E2}"
EndProject
Project("{8BC9CEB8-8B4A-11D0-8D11-00A0C91BC942}") = "6_7", "6_7\6_7.vcxproj", "{60F0150B-A6F6-428A-BD36-DDBA3D97D3B0}"
EndProject
Project("{8BC9CEB8-8B4A-11D0-8D11-00A0C91BC942}") = "6_8", "6_8\6_8.vcxproj", "{577D307C-19C4-48D0-BDA6-2734CD00DA35}"
EndProject
Project("{8BC9CEB8-8B4A-11D0-8D11-00A0C91BC942}") = "6_9", "6_9\6_9.vcxproj", "{70066C38-2757-41FE-A2CC-86FB81AF85E9}"
EndProject
Project("{8BC9CEB8-8B4A-11D0-8D11-00A0C91BC942}") = "6_10", "6_10\6_10.vcxproj", "{877430CE-94D1-4C86-BBBC-0787C62C9B49}"
EndProject
Project("{8BC9CEB8-8B4A-11D0-8D11-00A0C91BC942}") = "6_11", "6_11\6_11.vcxproj", "{1F4AED4B-7F38-4E5D-9AB1-DE8F96FD2C76}"
EndProject
Project("{8BC9CEB8-8B4A-11D0-8D11-00A0C91BC942}") = "6_12", "6_12\6_12.vcxproj", "{C337FF17-BC2C-45E3-93A0-804D48201796}"
EndProject
Project("{8BC9CEB8-8B4A-11D0-8D11-00A0C91BC942}") = "6_14", "6_14\6_14.vcxproj", "{21533AD3-B4F2-4082-AE88-C93C39BC5959}"
EndProject
Project("{8BC9CEB8-8B4A-11D0-8D11-00A0C91BC942}") = "6_15", "6_15\6_15.vcxproj", "{96271B80-5C30-4556-9E3C-5FA6E579327B}"
EndProject
Project("{8BC9CEB8-8B4A-11D0-8D11-00A0C91BC942}") = "6_16", "6_16\6_16.vcxproj", "{296D7DE7-3453-42D9-9FE6-6FD0442FBAF4}"
EndProject
Project("{8BC9CEB8-8B4A-11D0-8D11-00A0C91BC942}") = "6_17", "6_17\6_17.vcxproj", "{BBAC3D42-5710-46A6-B183-00C5C7C10BE2}"
EndProject
Project("{8BC9CEB8-8B4A-11D0-8D11-00A0C91BC942}") = "6_18", "6_18\6_18.vcxproj", "{EB757187-73D1-4134-BF28-E19B6C35779C}"
EndProject
Project("{8BC9CEB8-8B4A-11D0-8D11-00A0C91BC942}") = "6_19", "6_19\6_19.vcxproj", "{8FADECC4-02FB-4660-B202-05DED81BFDE4}"
EndProject
Project("{8BC9CEB8-8B4A-11D0-8D11-00A0C91BC942}") = "6_20", "6_20\6_20.vcxproj", "{3B599F32-9021-4F20-B3FC-D3717F356224}"
EndProject
Project("{8BC9CEB8-8B4A-11D0-8D11-00A0C91BC942}") = "6_21", "6_21\6_21.vcxproj", "{500F2E75-3AB8-480F-92C8-15E106033508}"
EndProject
Project("{8BC9CEB8-8B4A-11D0-8D11-00A0C91BC942}") = "7_1", "7_1\7_1.vcxproj", "{E4423140-5188-4E8C-A477-AF6E138E4650}"
EndProject
Project("{8BC9CEB8-8B4A-11D0-8D11-00A0C91BC942}") = "7_2", "7_2\7_2.vcxproj", "{311551D7-0AB8-4D22-B2DC-D2A8159553C5}"
EndProject
Project("{8BC9CEB8-8B4A-11D0-8D11-00A0C91BC942}") = "7_3", "7_3\7_3.vcxproj", "{E9F48E2D-0F07-4DB5-8DFB-FCAFABDF2C5A}"
EndProject
Project("{8BC9CEB8-8B4A-11D0-8D11-00A0C91BC942}") = "7_4", "7_4\7_4.vcxproj", "{15580330-389C-4DF7-A39A-62C268BEE837}"
EndProject
Project("{8BC9CEB8-8B4A-11D0-8D11-00A0C91BC942}") = "7_5", "7_5\7_5.vcxproj", "{60CFA5EE-9982-48C2-BF98-454B54B22BCA}"
EndProject
Project("{8BC9CEB8-8B4A-11D0-8D11-00A0C91BC942}") = "7_6", "7_6\7_6.vcxproj", "{61F38BD3-D57C-44E5-8A07-FB3170641AF6}"
EndProject
Project("{8BC9CEB8-8B4A-11D0-8D11-00A0C91BC942}") = "7_7", "7_7\7_7.vcxproj", "{D798BB9E-4A48-4F9E-AEA8-0D0D0409C869}"
EndProject
Project("{8BC9CEB8-8B4A-11D0-8D11-00A0C91BC942}") = "7_8", "7_8\7_8.vcxproj", "{212EB770-82AF-4484-8006-EE609B6849CE}"
EndProject
Project("{8BC9CEB8-8B4A-11D0-8D11-00A0C91BC942}") = "7_9", "7_9\7_9.vcxproj", "{2148C4DA-5F15-43E5-940C-683B426AD911}"
EndProject
Project("{8BC9CEB8-8B4A-11D0-8D11-00A0C91BC942}") = "7_10", "7_10\7_10.vcxproj", "{F6CB32DB-FC7C-44EE-971F-C7D2734EF1AC}"
EndProject
Project("{8BC9CEB8-8B4A-11D0-8D11-00A0C91BC942}") = "7_11", "7_11\7_11.vcxproj", "{A1E94603-C004-4BE4-B6C2-600ED3FFFC6D}"
EndProject
Project("{8BC9CEB8-8B4A-11D0-8D11-00A0C91BC942}") = "7_12", "7_12\7_12.vcxproj", "{B86F6C43-4898-48DA-BDB4-51C3AC50A247}"
EndProject
Project("{8BC9CEB8-8B4A-11D0-8D11-00A0C91BC942}") = "7_13", "7_13\7_13.vcxproj", "{68AFFF16-0648-40C5-A8E4-715960A0E820}"
EndProject
Project("{8BC9CEB8-8B4A-11D0-8D11-00A0C91BC942}") = "7_14", "7_14\7_14.vcxproj", "{FA212EDF-4CE1-404C-BFB9-DC839710998A}"
EndProject
Project("{8BC9CEB8-8B4A-11D0-8D11-00A0C91BC942}") = "8_1", "8_1\8_1.vcxproj", "{D086EFCF-4A4A-41A6-A77C-84F9C593E16E}"
EndProject
Project("{8BC9CEB8-8B4A-11D0-8D11-00A0C91BC942}") = "8_2", "8_2\8_2.vcxproj", "{9A66A663-8B26-4ED4-90F7-AA2FD49DA2D6}"
EndProject
Project("{8BC9CEB8-8B4A-11D0-8D11-00A0C91BC942}") = "8_3", "8_3\8_3.vcxproj", "{44E87123-6687-4DB3-BDDC-7C06E6CD67EB}"
EndProject
Project("{8BC9CEB8-8B4A-11D0-8D11-00A0C91BC942}") = "8_4", "8_4\8_4.vcxproj", "{BDCE614E-6715-469F-982D-75D873082BC3}"
EndProject
Project("{8BC9CEB8-8B4A-11D0-8D11-00A0C91BC942}") = "8_5", "8_5\8_5.vcxproj", "{C1C1147F-FF9C-4FD6-A5B0-C84A5FF864E8}"
EndProject
Project("{8BC9CEB8-8B4A-11D0-8D11-00A0C91BC942}") = "8_6", "8_6\8_6.vcxproj", "{6C632953-4F36-480B-B10C-2706AFEEC7BB}"
EndProject
Project("{8BC9CEB8-8B4A-11D0-8D11-00A0C91BC942}") = "8_7", "8_7\8_7.vcxproj", "{2958558C-B10E-4A44-BB9F-E20C0F048829}"
EndProject
Project("{8BC9CEB8-8B4A-11D0-8D11-00A0C91BC942}") = "8_8", "8_8\8_8.vcxproj", "{07524516-D550-454D-BFE4-A4BA41DDACAC}"
EndProject
Project("{8BC9CEB8-8B4A-11D0-8D11-00A0C91BC942}") = "8_9", "8_9\8_9.vcxproj", "{C85DAED0-C0CF-41E9-B500-BFA144F44608}"
EndProject
Project("{8BC9CEB8-8B4A-11D0-8D11-00A0C91BC942}") = "8_10", "8_10\8_10.vcxproj", "{AC72EAD2-190C-43FB-BCA0-74C24BB67504}"
EndProject
Project("{8BC9CEB8-8B4A-11D0-8D11-00A0C91BC942}") = "9_1", "9_1\9_1.vcxproj", "{C229B09B-6852-4877-A58C-9E2C04EA6C6F}"
EndProject
Project("{8BC9CEB8-8B4A-11D0-8D11-00A0C91BC942}") = "9_2", "9_2\9_2.vcxproj", "{167EC3D8-A928-4A6C-8EF3-FA9AFD62D963}"
EndProject
Global
	GlobalSection(SolutionConfigurationPlatforms) = preSolution
		Debug|x64 = Debug|x64
		Debug|x86 = Debug|x86
		Release|x64 = Release|x64
		Release|x86 = Release|x86
	EndGlobalSection
	GlobalSection(ProjectConfigurationPlatforms) = postSolution
		{03474308-F26D-4684-AE73-323667731EFF}.Debug|x64.ActiveCfg = Debug|x64
		{03474308-F26D-4684-AE73-323667731EFF}.Debug|x64.Build.0 = Debug|x64
		{03474308-F26D-4684-AE73-323667731EFF}.Debug|x86.ActiveCfg = Debug|Win32
		{03474308-F26D-4684-AE73-323667731EFF}.Debug|x86.Build.0 = Debug|Win32
		{03474308-F26D-4684-AE73-323667731EFF}.Release|x64.ActiveCfg = Release|x64
		{03474308-F26D-4684-AE73-323667731EFF}.Release|x64.Build.0 = Release|x64
		{03474308-F26D-4684-AE73-323667731EFF}.Release|x86.ActiveCfg = Release|Win32
		{03474308-F26D-4684-AE73-323667731EFF}.Release|x86.Build.0 = Release|Win32
		{C291583A-2BB0-4DEF-BACE-680FECEF71F7}.Debug|x64.ActiveCfg = Debug|x64
		{C291583A-2BB0-4DEF-BACE-680FECEF71F7}.Debug|x64.Build.0 = Debug|x64
		{C291583A-2BB0-4DEF-BACE-680FECEF71F7}.Debug|x86.ActiveCfg = Debug|Win32
		{C291583A-2BB0-4DEF-BACE-680FECEF71F7}.Debug|x86.Build.0 = Debug|Win32
		{C291583A-2BB0-4DEF-BACE-680FECEF71F7}.Release|x64.ActiveCfg = Release|x64
		{C291583A-2BB0-4DEF-BACE-680FECEF71F7}.Release|x64.Build.0 = Release|x64
		{C291583A-2BB0-4DEF-BACE-680FECEF71F7}.Release|x86.ActiveCfg = Release|Win32
		{C291583A-2BB0-4DEF-BACE-680FECEF71F7}.Release|x86.Build.0 = Release|Win32
		{AFA52545-6382-46C9-BF0E-A426DEB8932D}.Debug|x64.ActiveCfg = Debug|x64
		{AFA52545-6382-46C9-BF0E-A426DEB8932D}.Debug|x64.Build.0 = Debug|x64
		{AFA52545-6382-46C9-BF0E-A426DEB8932D}.Debug|x86.ActiveCfg = Debug|Win32
		{AFA52545-6382-46C9-BF0E-A426DEB8932D}.Debug|x86.Build.0 = Debug|Win32
		{AFA52545-6382-46C9-BF0E-A426DEB8932D}.Release|x64.ActiveCfg = Release|x64
		{AFA52545-6382-46C9-BF0E-A426DEB8932D}.Release|x64.Build.0 = Release|x64
		{AFA52545-6382-46C9-BF0E-A426DEB8932D}.Release|x86.ActiveCfg = Release|Win32
		{AFA52545-6382-46C9-BF0E-A426DEB8932D}.Release|x86.Build.0 = Release|Win32
		{48D2554F-B04E-4164-9F02-15B8C01D4E01}.Debug|x64.ActiveCfg = Debug|x64
		{48D2554F-B04E-4164-9F02-15B8C01D4E01}.Debug|x64.Build.0 = Debug|x64
		{48D2554F-B04E-4164-9F02-15B8C01D4E01}.Debug|x86.ActiveCfg = Debug|Win32
		{48D2554F-B04E-4164-9F02-15B8C01D4E01}.Debug|x86.Build.0 = Debug|Win32
		{48D2554F-B04E-4164-9F02-15B8C01D4E01}.Release|x64.ActiveCfg = Release|x64
		{48D2554F-B04E-4164-9F02-15B8C01D4E01}.Release|x64.Build.0 = Release|x64
		{48D2554F-B04E-4164-9F02-15B8C01D4E01}.Release|x86.ActiveCfg = Release|Win32
		{48D2554F-B04E-4164-9F02-15B8C01D4E01}.Release|x86.Build.0 = Release|Win32
		{0D854A60-FC80-4F45-987F-84AB3639F1C2}.Debug|x64.ActiveCfg = Debug|x64
		{0D854A60-FC80-4F45-987F-84AB3639F1C2}.Debug|x64.Build.0 = Debug|x64
		{0D854A60-FC80-4F45-987F-84AB3639F1C2}.Debug|x86.ActiveCfg = Debug|Win32
		{0D854A60-FC80-4F45-987F-84AB3639F1C2}.Debug|x86.Build.0 = Debug|Win32
		{0D854A60-FC80-4F45-987F-84AB3639F1C2}.Release|x64.ActiveCfg = Release|x64
		{0D854A60-FC80-4F45-987F-84AB3639F1C2}.Release|x64.Build.0 = Release|x64
		{0D854A60-FC80-4F45-987F-84AB3639F1C2}.Release|x86.ActiveCfg = Release|Win32
		{0D854A60-FC80-4F45-987F-84AB3639F1C2}.Release|x86.Build.0 = Release|Win32
		{D1F25A96-37C1-47BC-AF66-0F7EF0FDADA3}.Debug|x64.ActiveCfg = Debug|x64
		{D1F25A96-37C1-47BC-AF66-0F7EF0FDADA3}.Debug|x64.Build.0 = Debug|x64
		{D1F25A96-37C1-47BC-AF66-0F7EF0FDADA3}.Debug|x86.ActiveCfg = Debug|Win32
		{D1F25A96-37C1-47BC-AF66-0F7EF0FDADA3}.Debug|x86.Build.0 = Debug|Win32
		{D1F25A96-37C1-47BC-AF66-0F7EF0FDADA3}.Release|x64.ActiveCfg = Release|x64
		{D1F25A96-37C1-47BC-AF66-0F7EF0FDADA3}.Release|x64.Build.0 = Release|x64
		{D1F25A96-37C1-47BC-AF66-0F7EF0FDADA3}.Release|x86.ActiveCfg = Release|Win32
		{D1F25A96-37C1-47BC-AF66-0F7EF0FDADA3}.Release|x86.Build.0 = Release|Win32
		{BA54E95F-693A-47B4-8167-1C889C4CDF85}.Debug|x64.ActiveCfg = Debug|x64
		{BA54E95F-693A-47B4-8167-1C889C4CDF85}.Debug|x64.Build.0 = Debug|x64
		{BA54E95F-693A-47B4-8167-1C889C4CDF85}.Debug|x86.ActiveCfg = Debug|Win32
		{BA54E95F-693A-47B4-8167-1C889C4CDF85}.Debug|x86.Build.0 = Debug|Win32
		{BA54E95F-693A-47B4-8167-1C889C4CDF85}.Release|x64.ActiveCfg = Release|x64
		{BA54E95F-693A-47B4-8167-1C889C4CDF85}.Release|x64.Build.0 = Release|x64
		{BA54E95F-693A-47B4-8167-1C889C4CDF85}.Release|x86.ActiveCfg = Release|Win32
		{BA54E95F-693A-47B4-8167-1C889C4CDF85}.Release|x86.Build.0 = Release|Win32
		{347223BF-5EB3-4155-977F-83864C8861B8}.Debug|x64.ActiveCfg = Debug|x64
		{347223BF-5EB3-4155-977F-83864C8861B8}.Debug|x64.Build.0 = Debug|x64
		{347223BF-5EB3-4155-977F-83864C8861B8}.Debug|x86.ActiveCfg = Debug|Win32
		{347223BF-5EB3-4155-977F-83864C8861B8}.Debug|x86.Build.0 = Debug|Win32
		{347223BF-5EB3-4155-977F-83864C8861B8}.Release|x64.ActiveCfg = Release|x64
		{347223BF-5EB3-4155-977F-83864C8861B8}.Release|x64.Build.0 = Release|x64
		{347223BF-5EB3-4155-977F-83864C8861B8}.Release|x86.ActiveCfg = Release|Win32
		{347223BF-5EB3-4155-977F-83864C8861B8}.Release|x86.Build.0 = Release|Win32
		{75B92BC3-02BE-4BE1-96A3-CB56F44338F1}.Debug|x64.ActiveCfg = Debug|x64
		{75B92BC3-02BE-4BE1-96A3-CB56F44338F1}.Debug|x64.Build.0 = Debug|x64
		{75B92BC3-02BE-4BE1-96A3-CB56F44338F1}.Debug|x86.ActiveCfg = Debug|Win32
		{75B92BC3-02BE-4BE1-96A3-CB56F44338F1}.Debug|x86.Build.0 = Debug|Win32
		{75B92BC3-02BE-4BE1-96A3-CB56F44338F1}.Release|x64.ActiveCfg = Release|x64
		{75B92BC3-02BE-4BE1-96A3-CB56F44338F1}.Release|x64.Build.0 = Release|x64
		{75B92BC3-02BE-4BE1-96A3-CB56F44338F1}.Release|x86.ActiveCfg = Release|Win32
		{75B92BC3-02BE-4BE1-96A3-CB56F44338F1}.Release|x86.Build.0 = Release|Win32
		{450966E9-710A-424F-8339-D13A170F1652}.Debug|x64.ActiveCfg = Debug|x64
		{450966E9-710A-424F-8339-D13A170F1652}.Debug|x64.Build.0 = Debug|x64
		{450966E9-710A-424F-8339-D13A170F1652}.Debug|x86.ActiveCfg = Debug|Win32
		{450966E9-710A-424F-8339-D13A170F1652}.Debug|x86.Build.0 = Debug|Win32
		{450966E9-710A-424F-8339-D13A170F1652}.Release|x64.ActiveCfg = Release|x64
		{450966E9-710A-424F-8339-D13A170F1652}.Release|x64.Build.0 = Release|x64
		{450966E9-710A-424F-8339-D13A170F1652}.Release|x86.ActiveCfg = Release|Win32
		{450966E9-710A-424F-8339-D13A170F1652}.Release|x86.Build.0 = Release|Win32
		{E3FE173A-4BAE-4CBD-949C-DA18B09D3026}.Debug|x64.ActiveCfg = Debug|x64
		{E3FE173A-4BAE-4CBD-949C-DA18B09D3026}.Debug|x64.Build.0 = Debug|x64
		{E3FE173A-4BAE-4CBD-949C-DA18B09D3026}.Debug|x86.ActiveCfg = Debug|Win32
		{E3FE173A-4BAE-4CBD-949C-DA18B09D3026}.Debug|x86.Build.0 = Debug|Win32
		{E3FE173A-4BAE-4CBD-949C-DA18B09D3026}.Release|x64.ActiveCfg = Release|x64
		{E3FE173A-4BAE-4CBD-949C-DA18B09D3026}.Release|x64.Build.0 = Release|x64
		{E3FE173A-4BAE-4CBD-949C-DA18B09D3026}.Release|x86.ActiveCfg = Release|Win32
		{E3FE173A-4BAE-4CBD-949C-DA18B09D3026}.Release|x86.Build.0 = Release|Win32
		{C094610F-884E-4C66-A21D-9352C0DC1B25}.Debug|x64.ActiveCfg = Debug|x64
		{C094610F-884E-4C66-A21D-9352C0DC1B25}.Debug|x64.Build.0 = Debug|x64
		{C094610F-884E-4C66-A21D-9352C0DC1B25}.Debug|x86.ActiveCfg = Debug|Win32
		{C094610F-884E-4C66-A21D-9352C0DC1B25}.Debug|x86.Build.0 = Debug|Win32
		{C094610F-884E-4C66-A21D-9352C0DC1B25}.Release|x64.ActiveCfg = Release|x64
		{C094610F-884E-4C66-A21D-9352C0DC1B25}.Release|x64.Build.0 = Release|x64
		{C094610F-884E-4C66-A21D-9352C0DC1B25}.Release|x86.ActiveCfg = Release|Win32
		{C094610F-884E-4C66-A21D-9352C0DC1B25}.Release|x86.Build.0 = Release|Win32
		{AA0610AF-6843-4C55-B14A-83BF8243EBB9}.Debug|x64.ActiveCfg = Debug|x64
		{AA0610AF-6843-4C55-B14A-83BF8243EBB9}.Debug|x64.Build.0 = Debug|x64
		{AA0610AF-6843-4C55-B14A-83BF8243EBB9}.Debug|x86.ActiveCfg = Debug|Win32
		{AA0610AF-6843-4C55-B14A-83BF8243EBB9}.Debug|x86.Build.0 = Debug|Win32
		{AA0610AF-6843-4C55-B14A-83BF8243EBB9}.Release|x64.ActiveCfg = Release|x64
		{AA0610AF-6843-4C55-B14A-83BF8243EBB9}.Release|x64.Build.0 = Release|x64
		{AA0610AF-6843-4C55-B14A-83BF8243EBB9}.Release|x86.ActiveCfg = Release|Win32
		{AA0610AF-6843-4C55-B14A-83BF8243EBB9}.Release|x86.Build.0 = Release|Win32
		{1FEFF44B-1E83-460E-AAE9-FE0726C009C5}.Debug|x64.ActiveCfg = Debug|x64
		{1FEFF44B-1E83-460E-AAE9-FE0726C009C5}.Debug|x64.Build.0 = Debug|x64
		{1FEFF44B-1E83-460E-AAE9-FE0726C009C5}.Debug|x86.ActiveCfg = Debug|Win32
		{1FEFF44B-1E83-460E-AAE9-FE0726C009C5}.Debug|x86.Build.0 = Debug|Win32
		{1FEFF44B-1E83-460E-AAE9-FE0726C009C5}.Release|x64.ActiveCfg = Release|x64
		{1FEFF44B-1E83-460E-AAE9-FE0726C009C5}.Release|x64.Build.0 = Release|x64
		{1FEFF44B-1E83-460E-AAE9-FE0726C009C5}.Release|x86.ActiveCfg = Release|Win32
		{1FEFF44B-1E83-460E-AAE9-FE0726C009C5}.Release|x86.Build.0 = Release|Win32
		{DBD435BC-B8DD-40FA-9F57-922D8F3FF7DD}.Debug|x64.ActiveCfg = Debug|x64
		{DBD435BC-B8DD-40FA-9F57-922D8F3FF7DD}.Debug|x64.Build.0 = Debug|x64
		{DBD435BC-B8DD-40FA-9F57-922D8F3FF7DD}.Debug|x86.ActiveCfg = Debug|Win32
		{DBD435BC-B8DD-40FA-9F57-922D8F3FF7DD}.Debug|x86.Build.0 = Debug|Win32
		{DBD435BC-B8DD-40FA-9F57-922D8F3FF7DD}.Release|x64.ActiveCfg = Release|x64
		{DBD435BC-B8DD-40FA-9F57-922D8F3FF7DD}.Release|x64.Build.0 = Release|x64
		{DBD435BC-B8DD-40FA-9F57-922D8F3FF7DD}.Release|x86.ActiveCfg = Release|Win32
		{DBD435BC-B8DD-40FA-9F57-922D8F3FF7DD}.Release|x86.Build.0 = Release|Win32
		{80D9D29A-B4F3-483B-B1C3-92E999DC7C9D}.Debug|x64.ActiveCfg = Debug|x64
		{80D9D29A-B4F3-483B-B1C3-92E999DC7C9D}.Debug|x64.Build.0 = Debug|x64
		{80D9D29A-B4F3-483B-B1C3-92E999DC7C9D}.Debug|x86.ActiveCfg = Debug|Win32
		{80D9D29A-B4F3-483B-B1C3-92E999DC7C9D}.Debug|x86.Build.0 = Debug|Win32
		{80D9D29A-B4F3-483B-B1C3-92E999DC7C9D}.Release|x64.ActiveCfg = Release|x64
		{80D9D29A-B4F3-483B-B1C3-92E999DC7C9D}.Release|x64.Build.0 = Release|x64
		{80D9D29A-B4F3-483B-B1C3-92E999DC7C9D}.Release|x86.ActiveCfg = Release|Win32
		{80D9D29A-B4F3-483B-B1C3-92E999DC7C9D}.Release|x86.Build.0 = Release|Win32
		{F75C7D25-0E72-4F83-AFF6-E7969B10C457}.Debug|x64.ActiveCfg = Debug|x64
		{F75C7D25-0E72-4F83-AFF6-E7969B10C457}.Debug|x64.Build.0 = Debug|x64
		{F75C7D25-0E72-4F83-AFF6-E7969B10C457}.Debug|x86.ActiveCfg = Debug|Win32
		{F75C7D25-0E72-4F83-AFF6-E7969B10C457}.Debug|x86.Build.0 = Debug|Win32
		{F75C7D25-0E72-4F83-AFF6-E7969B10C457}.Release|x64.ActiveCfg = Release|x64
		{F75C7D25-0E72-4F83-AFF6-E7969B10C457}.Release|x64.Build.0 = Release|x64
		{F75C7D25-0E72-4F83-AFF6-E7969B10C457}.Release|x86.ActiveCfg = Release|Win32
		{F75C7D25-0E72-4F83-AFF6-E7969B10C457}.Release|x86.Build.0 = Release|Win32
		{8B5869FA-A35D-4EA3-9B37-FC894DF35866}.Debug|x64.ActiveCfg = Debug|x64
		{8B5869FA-A35D-4EA3-9B37-FC894DF35866}.Debug|x64.Build.0 = Debug|x64
		{8B5869FA-A35D-4EA3-9B37-FC894DF35866}.Debug|x86.ActiveCfg = Debug|Win32
		{8B5869FA-A35D-4EA3-9B37-FC894DF35866}.Debug|x86.Build.0 = Debug|Win32
		{8B5869FA-A35D-4EA3-9B37-FC894DF35866}.Release|x64.ActiveCfg = Release|x64
		{8B5869FA-A35D-4EA3-9B37-FC894DF35866}.Release|x64.Build.0 = Release|x64
		{8B5869FA-A35D-4EA3-9B37-FC894DF35866}.Release|x86.ActiveCfg = Release|Win32
		{8B5869FA-A35D-4EA3-9B37-FC894DF35866}.Release|x86.Build.0 = Release|Win32
		{A84B6681-8DD6-4EA9-A468-492176FFD2B0}.Debug|x64.ActiveCfg = Debug|x64
		{A84B6681-8DD6-4EA9-A468-492176FFD2B0}.Debug|x64.Build.0 = Debug|x64
		{A84B6681-8DD6-4EA9-A468-492176FFD2B0}.Debug|x86.ActiveCfg = Debug|Win32
		{A84B6681-8DD6-4EA9-A468-492176FFD2B0}.Debug|x86.Build.0 = Debug|Win32
		{A84B6681-8DD6-4EA9-A468-492176FFD2B0}.Release|x64.ActiveCfg = Release|x64
		{A84B6681-8DD6-4EA9-A468-492176FFD2B0}.Release|x64.Build.0 = Release|x64
		{A84B6681-8DD6-4EA9-A468-492176FFD2B0}.Release|x86.ActiveCfg = Release|Win32
		{A84B6681-8DD6-4EA9-A468-492176FFD2B0}.Release|x86.Build.0 = Release|Win32
		{7B844FE2-4359-49E1-A0CB-2753F9A05B37}.Debug|x64.ActiveCfg = Debug|x64
		{7B844FE2-4359-49E1-A0CB-2753F9A05B37}.Debug|x64.Build.0 = Debug|x64
		{7B844FE2-4359-49E1-A0CB-2753F9A05B37}.Debug|x86.ActiveCfg = Debug|Win32
		{7B844FE2-4359-49E1-A0CB-2753F9A05B37}.Debug|x86.Build.0 = Debug|Win32
		{7B844FE2-4359-49E1-A0CB-2753F9A05B37}.Release|x64.ActiveCfg = Release|x64
		{7B844FE2-4359-49E1-A0CB-2753F9A05B37}.Release|x64.Build.0 = Release|x64
		{7B844FE2-4359-49E1-A0CB-2753F9A05B37}.Release|x86.ActiveCfg = Release|Win32
		{7B844FE2-4359-49E1-A0CB-2753F9A05B37}.Release|x86.Build.0 = Release|Win32
		{5606ED27-CBF1-4E3B-8345-0BD523F2F05A}.Debug|x64.ActiveCfg = Debug|x64
		{5606ED27-CBF1-4E3B-8345-0BD523F2F05A}.Debug|x64.Build.0 = Debug|x64
		{5606ED27-CBF1-4E3B-8345-0BD523F2F05A}.Debug|x86.ActiveCfg = Debug|Win32
		{5606ED27-CBF1-4E3B-8345-0BD523F2F05A}.Debug|x86.Build.0 = Debug|Win32
		{5606ED27-CBF1-4E3B-8345-0BD523F2F05A}.Release|x64.ActiveCfg = Release|x64
		{5606ED27-CBF1-4E3B-8345-0BD523F2F05A}.Release|x64.Build.0 = Release|x64
		{5606ED27-CBF1-4E3B-8345-0BD523F2F05A}.Release|x86.ActiveCfg = Release|Win32
		{5606ED27-CBF1-4E3B-8345-0BD523F2F05A}.Release|x86.Build.0 = Release|Win32
		{ED8C0272-6EDB-43DE-B1E4-221D66319655}.Debug|x64.ActiveCfg = Debug|x64
		{ED8C0272-6EDB-43DE-B1E4-221D66319655}.Debug|x64.Build.0 = Debug|x64
		{ED8C0272-6EDB-43DE-B1E4-221D66319655}.Debug|x86.ActiveCfg = Debug|Win32
		{ED8C0272-6EDB-43DE-B1E4-221D66319655}.Debug|x86.Build.0 = Debug|Win32
		{ED8C0272-6EDB-43DE-B1E4-221D66319655}.Release|x64.ActiveCfg = Release|x64
		{ED8C0272-6EDB-43DE-B1E4-221D66319655}.Release|x64.Build.0 = Release|x64
		{ED8C0272-6EDB-43DE-B1E4-221D66319655}.Release|x86.ActiveCfg = Release|Win32
		{ED8C0272-6EDB-43DE-B1E4-221D66319655}.Release|x86.Build.0 = Release|Win32
		{DEC5753A-8148-4B38-8B56-7DD158CED348}.Debug|x64.ActiveCfg = Debug|x64
		{DEC5753A-8148-4B38-8B56-7DD158CED348}.Debug|x64.Build.0 = Debug|x64
		{DEC5753A-8148-4B38-8B56-7DD158CED348}.Debug|x86.ActiveCfg = Debug|Win32
		{DEC5753A-8148-4B38-8B56-7DD158CED348}.Debug|x86.Build.0 = Debug|Win32
		{DEC5753A-8148-4B38-8B56-7DD158CED348}.Release|x64.ActiveCfg = Release|x64
		{DEC5753A-8148-4B38-8B56-7DD158CED348}.Release|x64.Build.0 = Release|x64
		{DEC5753A-8148-4B38-8B56-7DD158CED348}.Release|x86.ActiveCfg = Release|Win32
		{DEC5753A-8148-4B38-8B56-7DD158CED348}.Release|x86.Build.0 = Release|Win32
		{224F174D-725B-4ED6-8490-6BE464F5B3B6}.Debug|x64.ActiveCfg = Debug|x64
		{224F174D-725B-4ED6-8490-6BE464F5B3B6}.Debug|x64.Build.0 = Debug|x64
		{224F174D-725B-4ED6-8490-6BE464F5B3B6}.Debug|x86.ActiveCfg = Debug|Win32
		{224F174D-725B-4ED6-8490-6BE464F5B3B6}.Debug|x86.Build.0 = Debug|Win32
		{224F174D-725B-4ED6-8490-6BE464F5B3B6}.Release|x64.ActiveCfg = Release|x64
		{224F174D-725B-4ED6-8490-6BE464F5B3B6}.Release|x64.Build.0 = Release|x64
		{224F174D-725B-4ED6-8490-6BE464F5B3B6}.Release|x86.ActiveCfg = Release|Win32
		{224F174D-725B-4ED6-8490-6BE464F5B3B6}.Release|x86.Build.0 = Release|Win32
		{462FBE90-953B-4349-AEEB-0ECFC31A2396}.Debug|x64.ActiveCfg = Debug|x64
		{462FBE90-953B-4349-AEEB-0ECFC31A2396}.Debug|x64.Build.0 = Debug|x64
		{462FBE90-953B-4349-AEEB-0ECFC31A2396}.Debug|x86.ActiveCfg = Debug|Win32
		{462FBE90-953B-4349-AEEB-0ECFC31A2396}.Debug|x86.Build.0 = Debug|Win32
		{462FBE90-953B-4349-AEEB-0ECFC31A2396}.Release|x64.ActiveCfg = Release|x64
		{462FBE90-953B-4349-AEEB-0ECFC31A2396}.Release|x64.Build.0 = Release|x64
		{462FBE90-953B-4349-AEEB-0ECFC31A2396}.Release|x86.ActiveCfg = Release|Win32
		{462FBE90-953B-4349-AEEB-0ECFC31A2396}.Release|x86.Build.0 = Release|Win32
		{4C7B4BA5-1A9C-4F88-B282-E1C35B26DABB}.Debug|x64.ActiveCfg = Debug|x64
		{4C7B4BA5-1A9C-4F88-B282-E1C35B26DABB}.Debug|x64.Build.0 = Debug|x64
		{4C7B4BA5-1A9C-4F88-B282-E1C35B26DABB}.Debug|x86.ActiveCfg = Debug|Win32
		{4C7B4BA5-1A9C-4F88-B282-E1C35B26DABB}.Debug|x86.Build.0 = Debug|Win32
		{4C7B4BA5-1A9C-4F88-B282-E1C35B26DABB}.Release|x64.ActiveCfg = Release|x64
		{4C7B4BA5-1A9C-4F88-B282-E1C35B26DABB}.Release|x64.Build.0 = Release|x64
		{4C7B4BA5-1A9C-4F88-B282-E1C35B26DABB}.Release|x86.ActiveCfg = Release|Win32
		{4C7B4BA5-1A9C-4F88-B282-E1C35B26DABB}.Release|x86.Build.0 = Release|Win32
		{994B0409-C1E5-4FA6-8FF9-B52F188E21A7}.Debug|x64.ActiveCfg = Debug|x64
		{994B0409-C1E5-4FA6-8FF9-B52F188E21A7}.Debug|x64.Build.0 = Debug|x64
		{994B0409-C1E5-4FA6-8FF9-B52F188E21A7}.Debug|x86.ActiveCfg = Debug|Win32
		{994B0409-C1E5-4FA6-8FF9-B52F188E21A7}.Debug|x86.Build.0 = Debug|Win32
		{994B0409-C1E5-4FA6-8FF9-B52F188E21A7}.Release|x64.ActiveCfg = Release|x64
		{994B0409-C1E5-4FA6-8FF9-B52F188E21A7}.Release|x64.Build.0 = Release|x64
		{994B0409-C1E5-4FA6-8FF9-B52F188E21A7}.Release|x86.ActiveCfg = Release|Win32
		{994B0409-C1E5-4FA6-8FF9-B52F188E21A7}.Release|x86.Build.0 = Release|Win32
		{204BC776-8CE3-409B-B809-0BA4D4D1551F}.Debug|x64.ActiveCfg = Debug|x64
		{204BC776-8CE3-409B-B809-0BA4D4D1551F}.Debug|x64.Build.0 = Debug|x64
		{204BC776-8CE3-409B-B809-0BA4D4D1551F}.Debug|x86.ActiveCfg = Debug|Win32
		{204BC776-8CE3-409B-B809-0BA4D4D1551F}.Debug|x86.Build.0 = Debug|Win32
		{204BC776-8CE3-409B-B809-0BA4D4D1551F}.Release|x64.ActiveCfg = Release|x64
		{204BC776-8CE3-409B-B809-0BA4D4D1551F}.Release|x64.Build.0 = Release|x64
		{204BC776-8CE3-409B-B809-0BA4D4D1551F}.Release|x86.ActiveCfg = Release|Win32
		{204BC776-8CE3-409B-B809-0BA4D4D1551F}.Release|x86.Build.0 = Release|Win32
		{6BE97A71-2DEB-4186-9B4E-F82A76BEA77A}.Debug|x64.ActiveCfg = Debug|x64
		{6BE97A71-2DEB-4186-9B4E-F82A76BEA77A}.Debug|x64.Build.0 = Debug|x64
		{6BE97A71-2DEB-4186-9B4E-F82A76BEA77A}.Debug|x86.ActiveCfg = Debug|Win32
		{6BE97A71-2DEB-4186-9B4E-F82A76BEA77A}.Debug|x86.Build.0 = Debug|Win32
		{6BE97A71-2DEB-4186-9B4E-F82A76BEA77A}.Release|x64.ActiveCfg = Release|x64
		{6BE97A71-2DEB-4186-9B4E-F82A76BEA77A}.Release|x64.Build.0 = Release|x64
		{6BE97A71-2DEB-4186-9B4E-F82A76BEA77A}.Release|x86.ActiveCfg = Release|Win32
		{6BE97A71-2DEB-4186-9B4E-F82A76BEA77A}.Release|x86.Build.0 = Release|Win32
		{DEAF0FA2-C1F9-4A0F-8D5E-3107C761CD73}.Debug|x64.ActiveCfg = Debug|x64
		{DEAF0FA2-C1F9-4A0F-8D5E-3107C761CD73}.Debug|x64.Build.0 = Debug|x64
		{DEAF0FA2-C1F9-4A0F-8D5E-3107C761CD73}.Debug|x86.ActiveCfg = Debug|Win32
		{DEAF0FA2-C1F9-4A0F-8D5E-3107C761CD73}.Debug|x86.Build.0 = Debug|Win32
		{DEAF0FA2-C1F9-4A0F-8D5E-3107C761CD73}.Release|x64.ActiveCfg = Release|x64
		{DEAF0FA2-C1F9-4A0F-8D5E-3107C761CD73}.Release|x64.Build.0 = Release|x64
		{DEAF0FA2-C1F9-4A0F-8D5E-3107C761CD73}.Release|x86.ActiveCfg = Release|Win32
		{DEAF0FA2-C1F9-4A0F-8D5E-3107C761CD73}.Release|x86.Build.0 = Release|Win32
		{C9304E29-29FA-47D3-B764-63613DBA9CD7}.Debug|x64.ActiveCfg = Debug|x64
		{C9304E29-29FA-47D3-B764-63613DBA9CD7}.Debug|x64.Build.0 = Debug|x64
		{C9304E29-29FA-47D3-B764-63613DBA9CD7}.Debug|x86.ActiveCfg = Debug|Win32
		{C9304E29-29FA-47D3-B764-63613DBA9CD7}.Debug|x86.Build.0 = Debug|Win32
		{C9304E29-29FA-47D3-B764-63613DBA9CD7}.Release|x64.ActiveCfg = Release|x64
		{C9304E29-29FA-47D3-B764-63613DBA9CD7}.Release|x64.Build.0 = Release|x64
		{C9304E29-29FA-47D3-B764-63613DBA9CD7}.Release|x86.ActiveCfg = Release|Win32
		{C9304E29-29FA-47D3-B764-63613DBA9CD7}.Release|x86.Build.0 = Release|Win32
		{4D7F50D4-17A3-4D13-B953-94400A2B88E8}.Debug|x64.ActiveCfg = Debug|x64
		{4D7F50D4-17A3-4D13-B953-94400A2B88E8}.Debug|x64.Build.0 = Debug|x64
		{4D7F50D4-17A3-4D13-B953-94400A2B88E8}.Debug|x86.ActiveCfg = Debug|Win32
		{4D7F50D4-17A3-4D13-B953-94400A2B88E8}.Debug|x86.Build.0 = Debug|Win32
		{4D7F50D4-17A3-4D13-B953-94400A2B88E8}.Release|x64.ActiveCfg = Release|x64
		{4D7F50D4-17A3-4D13-B953-94400A2B88E8}.Release|x64.Build.0 = Release|x64
		{4D7F50D4-17A3-4D13-B953-94400A2B88E8}.Release|x86.ActiveCfg = Release|Win32
		{4D7F50D4-17A3-4D13-B953-94400A2B88E8}.Release|x86.Build.0 = Release|Win32
		{D9C7890F-A64E-4B9C-B7B7-A6D7A396A3E2}.Debug|x64.ActiveCfg = Debug|x64
		{D9C7890F-A64E-4B9C-B7B7-A6D7A396A3E2}.Debug|x64.Build.0 = Debug|x64
		{D9C7890F-A64E-4B9C-B7B7-A6D7A396A3E2}.Debug|x86.ActiveCfg = Debug|Win32
		{D9C7890F-A64E-4B9C-B7B7-A6D7A396A3E2}.Debug|x86.Build.0 = Debug|Win32
		{D9C7890F-A64E-4B9C-B7B7-A6D7A396A3E2}.Release|x64.ActiveCfg = Release|x64
		{D9C7890F-A64E-4B9C-B7B7-A6D7A396A3E2}.Release|x64.Build.0 = Release|x64
		{D9C7890F-A64E-4B9C-B7B7-A6D7A396A3E2}.Release|x86.ActiveCfg = Release|Win32
		{D9C7890F-A64E-4B9C-B7B7-A6D7A396A3E2}.Release|x86.Build.0 = Release|Win32
		{90F97D41-AB5B-457E-877E-564C9443FF4A}.Debug|x64.ActiveCfg = Debug|x64
		{90F97D41-AB5B-457E-877E-564C9443FF4A}.Debug|x64.Build.0 = Debug|x64
		{90F97D41-AB5B-457E-877E-564C9443FF4A}.Debug|x86.ActiveCfg = Debug|Win32
		{90F97D41-AB5B-457E-877E-564C9443FF4A}.Debug|x86.Build.0 = Debug|Win32
		{90F97D41-AB5B-457E-877E-564C9443FF4A}.Release|x64.ActiveCfg = Release|x64
		{90F97D41-AB5B-457E-877E-564C9443FF4A}.Release|x64.Build.0 = Release|x64
		{90F97D41-AB5B-457E-877E-564C9443FF4A}.Release|x86.ActiveCfg = Release|Win32
		{90F97D41-AB5B-457E-877E-564C9443FF4A}.Release|x86.Build.0 = Release|Win32
		{A383A1FF-385B-4738-929C-830B56796138}.Debug|x64.ActiveCfg = Debug|x64
		{A383A1FF-385B-4738-929C-830B56796138}.Debug|x64.Build.0 = Debug|x64
		{A383A1FF-385B-4738-929C-830B56796138}.Debug|x86.ActiveCfg = Debug|Win32
		{A383A1FF-385B-4738-929C-830B56796138}.Debug|x86.Build.0 = Debug|Win32
		{A383A1FF-385B-4738-929C-830B56796138}.Release|x64.ActiveCfg = Release|x64
		{A383A1FF-385B-4738-929C-830B56796138}.Release|x64.Build.0 = Release|x64
		{A383A1FF-385B-4738-929C-830B56796138}.Release|x86.ActiveCfg = Release|Win32
		{A383A1FF-385B-4738-929C-830B56796138}.Release|x86.Build.0 = Release|Win32
		{32068734-BC7C-4F64-828F-1215A327B536}.Debug|x64.ActiveCfg = Debug|x64
		{32068734-BC7C-4F64-828F-1215A327B536}.Debug|x64.Build.0 = Debug|x64
		{32068734-BC7C-4F64-828F-1215A327B536}.Debug|x86.ActiveCfg = Debug|Win32
		{32068734-BC7C-4F64-828F-1215A327B536}.Debug|x86.Build.0 = Debug|Win32
		{32068734-BC7C-4F64-828F-1215A327B536}.Release|x64.ActiveCfg = Release|x64
		{32068734-BC7C-4F64-828F-1215A327B536}.Release|x64.Build.0 = Release|x64
		{32068734-BC7C-4F64-828F-1215A327B536}.Release|x86.ActiveCfg = Release|Win32
		{32068734-BC7C-4F64-828F-1215A327B536}.Release|x86.Build.0 = Release|Win32
		{125F5FB1-1461-4330-B7B2-0B7965FC3499}.Debug|x64.ActiveCfg = Debug|x64
		{125F5FB1-1461-4330-B7B2-0B7965FC3499}.Debug|x64.Build.0 = Debug|x64
		{125F5FB1-1461-4330-B7B2-0B7965FC3499}.Debug|x86.ActiveCfg = Debug|Win32
		{125F5FB1-1461-4330-B7B2-0B7965FC3499}.Debug|x86.Build.0 = Debug|Win32
		{125F5FB1-1461-4330-B7B2-0B7965FC3499}.Release|x64.ActiveCfg = Release|x64
		{125F5FB1-1461-4330-B7B2-0B7965FC3499}.Release|x64.Build.0 = Release|x64
		{125F5FB1-1461-4330-B7B2-0B7965FC3499}.Release|x86.ActiveCfg = Release|Win32
		{125F5FB1-1461-4330-B7B2-0B7965FC3499}.Release|x86.Build.0 = Release|Win32
		{A9CAB790-F747-4865-BD83-BF66F30B44E5}.Debug|x64.ActiveCfg = Debug|x64
		{A9CAB790-F747-4865-BD83-BF66F30B44E5}.Debug|x64.Build.0 = Debug|x64
		{A9CAB790-F747-4865-BD83-BF66F30B44E5}.Debug|x86.ActiveCfg = Debug|Win32
		{A9CAB790-F747-4865-BD83-BF66F30B44E5}.Debug|x86.Build.0 = Debug|Win32
		{A9CAB790-F747-4865-BD83-BF66F30B44E5}.Release|x64.ActiveCfg = Release|x64
		{A9CAB790-F747-4865-BD83-BF66F30B44E5}.Release|x64.Build.0 = Release|x64
		{A9CAB790-F747-4865-BD83-BF66F30B44E5}.Release|x86.ActiveCfg = Release|Win32
		{A9CAB790-F747-4865-BD83-BF66F30B44E5}.Release|x86.Build.0 = Release|Win32
		{04714C47-5B5B-43FC-B322-C2CF1E40F99F}.Debug|x64.ActiveCfg = Debug|x64
		{04714C47-5B5B-43FC-B322-C2CF1E40F99F}.Debug|x64.Build.0 = Debug|x64
		{04714C47-5B5B-43FC-B322-C2CF1E40F99F}.Debug|x86.ActiveCfg = Debug|Win32
		{04714C47-5B5B-43FC-B322-C2CF1E40F99F}.Debug|x86.Build.0 = Debug|Win32
		{04714C47-5B5B-43FC-B322-C2CF1E40F99F}.Release|x64.ActiveCfg = Release|x64
		{04714C47-5B5B-43FC-B322-C2CF1E40F99F}.Release|x64.Build.0 = Release|x64
		{04714C47-5B5B-43FC-B322-C2CF1E40F99F}.Release|x86.ActiveCfg = Release|Win32
		{04714C47-5B5B-43FC-B322-C2CF1E40F99F}.Release|x86.Build.0 = Release|Win32
		{10E8F22A-9766-4491-A9FF-FC7AF0877F87}.Debug|x64.ActiveCfg = Debug|x64
		{10E8F22A-9766-4491-A9FF-FC7AF0877F87}.Debug|x64.Build.0 = Debug|x64
		{10E8F22A-9766-4491-A9FF-FC7AF0877F87}.Debug|x86.ActiveCfg = Debug|Win32
		{10E8F22A-9766-4491-A9FF-FC7AF0877F87}.Debug|x86.Build.0 = Debug|Win32
		{10E8F22A-9766-4491-A9FF-FC7AF0877F87}.Release|x64.ActiveCfg = Release|x64
		{10E8F22A-9766-4491-A9FF-FC7AF0877F87}.Release|x64.Build.0 = Release|x64
		{10E8F22A-9766-4491-A9FF-FC7AF0877F87}.Release|x86.ActiveCfg = Release|Win32
		{10E8F22A-9766-4491-A9FF-FC7AF0877F87}.Release|x86.Build.0 = Release|Win32
		{0CABFC22-1142-4011-8AFD-4FC83B83B3DB}.Debug|x64.ActiveCfg = Debug|x64
		{0CABFC22-1142-4011-8AFD-4FC83B83B3DB}.Debug|x64.Build.0 = Debug|x64
		{0CABFC22-1142-4011-8AFD-4FC83B83B3DB}.Debug|x86.ActiveCfg = Debug|Win32
		{0CABFC22-1142-4011-8AFD-4FC83B83B3DB}.Debug|x86.Build.0 = Debug|Win32
		{0CABFC22-1142-4011-8AFD-4FC83B83B3DB}.Release|x64.ActiveCfg = Release|x64
		{0CABFC22-1142-4011-8AFD-4FC83B83B3DB}.Release|x64.Build.0 = Release|x64
		{0CABFC22-1142-4011-8AFD-4FC83B83B3DB}.Release|x86.ActiveCfg = Release|Win32
		{0CABFC22-1142-4011-8AFD-4FC83B83B3DB}.Release|x86.Build.0 = Release|Win32
		{C43CB3EC-8FAF-447F-9599-71626668C04A}.Debug|x64.ActiveCfg = Debug|x64
		{C43CB3EC-8FAF-447F-9599-71626668C04A}.Debug|x64.Build.0 = Debug|x64
		{C43CB3EC-8FAF-447F-9599-71626668C04A}.Debug|x86.ActiveCfg = Debug|Win32
		{C43CB3EC-8FAF-447F-9599-71626668C04A}.Debug|x86.Build.0 = Debug|Win32
		{C43CB3EC-8FAF-447F-9599-71626668C04A}.Release|x64.ActiveCfg = Release|x64
		{C43CB3EC-8FAF-447F-9599-71626668C04A}.Release|x64.Build.0 = Release|x64
		{C43CB3EC-8FAF-447F-9599-71626668C04A}.Release|x86.ActiveCfg = Release|Win32
		{C43CB3EC-8FAF-447F-9599-71626668C04A}.Release|x86.Build.0 = Release|Win32
		{5BE74A9A-D702-47C0-A1DA-54BBE57549FC}.Debug|x64.ActiveCfg = Debug|x64
		{5BE74A9A-D702-47C0-A1DA-54BBE57549FC}.Debug|x64.Build.0 = Debug|x64
		{5BE74A9A-D702-47C0-A1DA-54BBE57549FC}.Debug|x86.ActiveCfg = Debug|Win32
		{5BE74A9A-D702-47C0-A1DA-54BBE57549FC}.Debug|x86.Build.0 = Debug|Win32
		{5BE74A9A-D702-47C0-A1DA-54BBE57549FC}.Release|x64.ActiveCfg = Release|x64
		{5BE74A9A-D702-47C0-A1DA-54BBE57549FC}.Release|x64.Build.0 = Release|x64
		{5BE74A9A-D702-47C0-A1DA-54BBE57549FC}.Release|x86.ActiveCfg = Release|Win32
		{5BE74A9A-D702-47C0-A1DA-54BBE57549FC}.Release|x86.Build.0 = Release|Win32
		{9B532CA1-1C1C-44D7-8D9F-5C794357FB8C}.Debug|x64.ActiveCfg = Debug|x64
		{9B532CA1-1C1C-44D7-8D9F-5C794357FB8C}.Debug|x64.Build.0 = Debug|x64
		{9B532CA1-1C1C-44D7-8D9F-5C794357FB8C}.Debug|x86.ActiveCfg = Debug|Win32
		{9B532CA1-1C1C-44D7-8D9F-5C794357FB8C}.Debug|x86.Build.0 = Debug|Win32
		{9B532CA1-1C1C-44D7-8D9F-5C794357FB8C}.Release|x64.ActiveCfg = Release|x64
		{9B532CA1-1C1C-44D7-8D9F-5C794357FB8C}.Release|x64.Build.0 = Release|x64
		{9B532CA1-1C1C-44D7-8D9F-5C794357FB8C}.Release|x86.ActiveCfg = Release|Win32
		{9B532CA1-1C1C-44D7-8D9F-5C794357FB8C}.Release|x86.Build.0 = Release|Win32
		{7C8CE3F0-D93A-4033-830F-CD4847B9ECF8}.Debug|x64.ActiveCfg = Debug|x64
		{7C8CE3F0-D93A-4033-830F-CD4847B9ECF8}.Debug|x64.Build.0 = Debug|x64
		{7C8CE3F0-D93A-4033-830F-CD4847B9ECF8}.Debug|x86.ActiveCfg = Debug|Win32
		{7C8CE3F0-D93A-4033-830F-CD4847B9ECF8}.Debug|x86.Build.0 = Debug|Win32
		{7C8CE3F0-D93A-4033-830F-CD4847B9ECF8}.Release|x64.ActiveCfg = Release|x64
		{7C8CE3F0-D93A-4033-830F-CD4847B9ECF8}.Release|x64.Build.0 = Release|x64
		{7C8CE3F0-D93A-4033-830F-CD4847B9ECF8}.Release|x86.ActiveCfg = Release|Win32
		{7C8CE3F0-D93A-4033-830F-CD4847B9ECF8}.Release|x86.Build.0 = Release|Win32
		{260AC28E-6DCB-428D-B999-D53135902E91}.Debug|x64.ActiveCfg = Debug|x64
		{260AC28E-6DCB-428D-B999-D53135902E91}.Debug|x64.Build.0 = Debug|x64
		{260AC28E-6DCB-428D-B999-D53135902E91}.Debug|x86.ActiveCfg = Debug|Win32
		{260AC28E-6DCB-428D-B999-D53135902E91}.Debug|x86.Build.0 = Debug|Win32
		{260AC28E-6DCB-428D-B999-D53135902E91}.Release|x64.ActiveCfg = Release|x64
		{260AC28E-6DCB-428D-B999-D53135902E91}.Release|x64.Build.0 = Release|x64
		{260AC28E-6DCB-428D-B999-D53135902E91}.Release|x86.ActiveCfg = Release|Win32
		{260AC28E-6DCB-428D-B999-D53135902E91}.Release|x86.Build.0 = Release|Win32
		{D665E7C2-17E5-4ECB-AC9C-B20AB8C193F1}.Debug|x64.ActiveCfg = Debug|x64
		{D665E7C2-17E5-4ECB-AC9C-B20AB8C193F1}.Debug|x64.Build.0 = Debug|x64
		{D665E7C2-17E5-4ECB-AC9C-B20AB8C193F1}.Debug|x86.ActiveCfg = Debug|Win32
		{D665E7C2-17E5-4ECB-AC9C-B20AB8C193F1}.Debug|x86.Build.0 = Debug|Win32
		{D665E7C2-17E5-4ECB-AC9C-B20AB8C193F1}.Release|x64.ActiveCfg = Release|x64
		{D665E7C2-17E5-4ECB-AC9C-B20AB8C193F1}.Release|x64.Build.0 = Release|x64
		{D665E7C2-17E5-4ECB-AC9C-B20AB8C193F1}.Release|x86.ActiveCfg = Release|Win32
		{D665E7C2-17E5-4ECB-AC9C-B20AB8C193F1}.Release|x86.Build.0 = Release|Win32
		{C18C29AC-E7F5-4D29-AAC7-66A5F2E6AA8F}.Debug|x64.ActiveCfg = Debug|x64
		{C18C29AC-E7F5-4D29-AAC7-66A5F2E6AA8F}.Debug|x64.Build.0 = Debug|x64
		{C18C29AC-E7F5-4D29-AAC7-66A5F2E6AA8F}.Debug|x86.ActiveCfg = Debug|Win32
		{C18C29AC-E7F5-4D29-AAC7-66A5F2E6AA8F}.Debug|x86.Build.0 = Debug|Win32
		{C18C29AC-E7F5-4D29-AAC7-66A5F2E6AA8F}.Release|x64.ActiveCfg = Release|x64
		{C18C29AC-E7F5-4D29-AAC7-66A5F2E6AA8F}.Release|x64.Build.0 = Release|x64
		{C18C29AC-E7F5-4D29-AAC7-66A5F2E6AA8F}.Release|x86.ActiveCfg = Release|Win32
		{C18C29AC-E7F5-4D29-AAC7-66A5F2E6AA8F}.Release|x86.Build.0 = Release|Win32
		{FD4F07D8-E67D-4687-A289-4634F5510D09}.Debug|x64.ActiveCfg = Debug|x64
		{FD4F07D8-E67D-4687-A289-4634F5510D09}.Debug|x64.Build.0 = Debug|x64
		{FD4F07D8-E67D-4687-A289-4634F5510D09}.Debug|x86.ActiveCfg = Debug|Win32
		{FD4F07D8-E67D-4687-A289-4634F5510D09}.Debug|x86.Build.0 = Debug|Win32
		{FD4F07D8-E67D-4687-A289-4634F5510D09}.Release|x64.ActiveCfg = Release|x64
		{FD4F07D8-E67D-4687-A289-4634F5510D09}.Release|x64.Build.0 = Release|x64
		{FD4F07D8-E67D-4687-A289-4634F5510D09}.Release|x86.ActiveCfg = Release|Win32
		{FD4F07D8-E67D-4687-A289-4634F5510D09}.Release|x86.Build.0 = Release|Win32
		{97ACCCB4-B1D6-4166-B7EE-2F2FCA7EC3DB}.Debug|x64.ActiveCfg = Debug|x64
		{97ACCCB4-B1D6-4166-B7EE-2F2FCA7EC3DB}.Debug|x64.Build.0 = Debug|x64
		{97ACCCB4-B1D6-4166-B7EE-2F2FCA7EC3DB}.Debug|x86.ActiveCfg = Debug|Win32
		{97ACCCB4-B1D6-4166-B7EE-2F2FCA7EC3DB}.Debug|x86.Build.0 = Debug|Win32
		{97ACCCB4-B1D6-4166-B7EE-2F2FCA7EC3DB}.Release|x64.ActiveCfg = Release|x64
		{97ACCCB4-B1D6-4166-B7EE-2F2FCA7EC3DB}.Release|x64.Build.0 = Release|x64
		{97ACCCB4-B1D6-4166-B7EE-2F2FCA7EC3DB}.Release|x86.ActiveCfg = Release|Win32
		{97ACCCB4-B1D6-4166-B7EE-2F2FCA7EC3DB}.Release|x86.Build.0 = Release|Win32
		{583860C0-AA84-4B9A-8655-46BACCA64862}.Debug|x64.ActiveCfg = Debug|x64
		{583860C0-AA84-4B9A-8655-46BACCA64862}.Debug|x64.Build.0 = Debug|x64
		{583860C0-AA84-4B9A-8655-46BACCA64862}.Debug|x86.ActiveCfg = Debug|Win32
		{583860C0-AA84-4B9A-8655-46BACCA64862}.Debug|x86.Build.0 = Debug|Win32
		{583860C0-AA84-4B9A-8655-46BACCA64862}.Release|x64.ActiveCfg = Release|x64
		{583860C0-AA84-4B9A-8655-46BACCA64862}.Release|x64.Build.0 = Release|x64
		{583860C0-AA84-4B9A-8655-46BACCA64862}.Release|x86.ActiveCfg = Release|Win32
		{583860C0-AA84-4B9A-8655-46BACCA64862}.Release|x86.Build.0 = Release|Win32
		{DAC0E6D6-2A72-46DC-97D5-90F1287FC571}.Debug|x64.ActiveCfg = Debug|x64
		{DAC0E6D6-2A72-46DC-97D5-90F1287FC571}.Debug|x64.Build.0 = Debug|x64
		{DAC0E6D6-2A72-46DC-97D5-90F1287FC571}.Debug|x86.ActiveCfg = Debug|Win32
		{DAC0E6D6-2A72-46DC-97D5-90F1287FC571}.Debug|x86.Build.0 = Debug|Win32
		{DAC0E6D6-2A72-46DC-97D5-90F1287FC571}.Release|x64.ActiveCfg = Release|x64
		{DAC0E6D6-2A72-46DC-97D5-90F1287FC571}.Release|x64.Build.0 = Release|x64
		{DAC0E6D6-2A72-46DC-97D5-90F1287FC571}.Release|x86.ActiveCfg = Release|Win32
		{DAC0E6D6-2A72-46DC-97D5-90F1287FC571}.Release|x86.Build.0 = Release|Win32
		{AF5DC844-5E78-4A04-B558-934DEE8D4190}.Debug|x64.ActiveCfg = Debug|x64
		{AF5DC844-5E78-4A04-B558-934DEE8D4190}.Debug|x64.Build.0 = Debug|x64
		{AF5DC844-5E78-4A04-B558-934DEE8D4190}.Debug|x86.ActiveCfg = Debug|Win32
		{AF5DC844-5E78-4A04-B558-934DEE8D4190}.Debug|x86.Build.0 = Debug|Win32
		{AF5DC844-5E78-4A04-B558-934DEE8D4190}.Release|x64.ActiveCfg = Release|x64
		{AF5DC844-5E78-4A04-B558-934DEE8D4190}.Release|x64.Build.0 = Release|x64
		{AF5DC844-5E78-4A04-B558-934DEE8D4190}.Release|x86.ActiveCfg = Release|Win32
		{AF5DC844-5E78-4A04-B558-934DEE8D4190}.Release|x86.Build.0 = Release|Win32
		{A12FCD3E-2CAC-448D-9CB8-A00E914C3B47}.Debug|x64.ActiveCfg = Debug|x64
		{A12FCD3E-2CAC-448D-9CB8-A00E914C3B47}.Debug|x64.Build.0 = Debug|x64
		{A12FCD3E-2CAC-448D-9CB8-A00E914C3B47}.Debug|x86.ActiveCfg = Debug|Win32
		{A12FCD3E-2CAC-448D-9CB8-A00E914C3B47}.Debug|x86.Build.0 = Debug|Win32
		{A12FCD3E-2CAC-448D-9CB8-A00E914C3B47}.Release|x64.ActiveCfg = Release|x64
		{A12FCD3E-2CAC-448D-9CB8-A00E914C3B47}.Release|x64.Build.0 = Release|x64
		{A12FCD3E-2CAC-448D-9CB8-A00E914C3B47}.Release|x86.ActiveCfg = Release|Win32
		{A12FCD3E-2CAC-448D-9CB8-A00E914C3B47}.Release|x86.Build.0 = Release|Win32
		{6E1B07D0-6563-430E-B2D6-155BE25B43E2}.Debug|x64.ActiveCfg = Debug|x64
		{6E1B07D0-6563-430E-B2D6-155BE25B43E2}.Debug|x64.Build.0 = Debug|x64
		{6E1B07D0-6563-430E-B2D6-155BE25B43E2}.Debug|x86.ActiveCfg = Debug|Win32
		{6E1B07D0-6563-430E-B2D6-155BE25B43E2}.Debug|x86.Build.0 = Debug|Win32
		{6E1B07D0-6563-430E-B2D6-155BE25B43E2}.Release|x64.ActiveCfg = Release|x64
		{6E1B07D0-6563-430E-B2D6-155BE25B43E2}.Release|x64.Build.0 = Release|x64
		{6E1B07D0-6563-430E-B2D6-155BE25B43E2}.Release|x86.ActiveCfg = Release|Win32
		{6E1B07D0-6563-430E-B2D6-155BE25B43E2}.Release|x86.Build.0 = Release|Win32
		{60F0150B-A6F6-428A-BD36-DDBA3D97D3B0}.Debug|x64.ActiveCfg = Debug|x64
		{60F0150B-A6F6-428A-BD36-DDBA3D97D3B0}.Debug|x64.Build.0 = Debug|x64
		{60F0150B-A6F6-428A-BD36-DDBA3D97D3B0}.Debug|x86.ActiveCfg = Debug|Win32
		{60F0150B-A6F6-428A-BD36-DDBA3D97D3B0}.Debug|x86.Build.0 = Debug|Win32
		{60F0150B-A6F6-428A-BD36-DDBA3D97D3B0}.Release|x64.ActiveCfg = Release|x64
		{60F0150B-A6F6-428A-BD36-DDBA3D97D3B0}.Release|x64.Build.0 = Release|x64
		{60F0150B-A6F6-428A-BD36-DDBA3D97D3B0}.Release|x86.ActiveCfg = Release|Win32
		{60F0150B-A6F6-428A-BD36-DDBA3D97D3B0}.Release|x86.Build.0 = Release|Win32
		{577D307C-19C4-48D0-BDA6-2734CD00DA35}.Debug|x64.ActiveCfg = Debug|x64
		{577D307C-19C4-48D0-BDA6-2734CD00DA35}.Debug|x64.Build.0 = Debug|x64
		{577D307C-19C4-48D0-BDA6-2734CD00DA35}.Debug|x86.ActiveCfg = Debug|Win32
		{577D307C-19C4-48D0-BDA6-2734CD00DA35}.Debug|x86.Build.0 = Debug|Win32
		{577D307C-19C4-48D0-BDA6-2734CD00DA35}.Release|x64.ActiveCfg = Release|x64
		{577D307C-19C4-48D0-BDA6-2734CD00DA35}.Release|x64.Build.0 = Release|x64
		{577D307C-19C4-48D0-BDA6-2734CD00DA35}.Release|x86.ActiveCfg = Release|Win32
		{577D307C-19C4-48D0-BDA6-2734CD00DA35}.Release|x86.Build.0 = Release|Win32
		{70066C38-2757-41FE-A2CC-86FB81AF85E9}.Debug|x64.ActiveCfg = Debug|x64
		{70066C38-2757-41FE-A2CC-86FB81AF85E9}.Debug|x64.Build.0 = Debug|x64
		{70066C38-2757-41FE-A2CC-86FB81AF85E9}.Debug|x86.ActiveCfg = Debug|Win32
		{70066C38-2757-41FE-A2CC-86FB81AF85E9}.Debug|x86.Build.0 = Debug|Win32
		{70066C38-2757-41FE-A2CC-86FB81AF85E9}.Release|x64.ActiveCfg = Release|x64
		{70066C38-2757-41FE-A2CC-86FB81AF85E9}.Release|x64.Build.0 = Release|x64
		{70066C38-2757-41FE-A2CC-86FB81AF85E9}.Release|x86.ActiveCfg = Release|Win32
		{70066C38-2757-41FE-A2CC-86FB81AF85E9}.Release|x86.Build.0 = Release|Win32
		{877430CE-94D1-4C86-BBBC-0787C62C9B49}.Debug|x64.ActiveCfg = Debug|x64
		{877430CE-94D1-4C86-BBBC-0787C62C9B49}.Debug|x64.Build.0 = Debug|x64
		{877430CE-94D1-4C86-BBBC-0787C62C9B49}.Debug|x86.ActiveCfg = Debug|Win32
		{877430CE-94D1-4C86-BBBC-0787C62C9B49}.Debug|x86.Build.0 = Debug|Win32
		{877430CE-94D1-4C86-BBBC-0787C62C9B49}.Release|x64.ActiveCfg = Release|x64
		{877430CE-94D1-4C86-BBBC-0787C62C9B49}.Release|x64.Build.0 = Release|x64
		{877430CE-94D1-4C86-BBBC-0787C62C9B49}.Release|x86.ActiveCfg = Release|Win32
		{877430CE-94D1-4C86-BBBC-0787C62C9B49}.Release|x86.Build.0 = Release|Win32
		{1F4AED4B-7F38-4E5D-9AB1-DE8F96FD2C76}.Debug|x64.ActiveCfg = Debug|x64
		{1F4AED4B-7F38-4E5D-9AB1-DE8F96FD2C76}.Debug|x64.Build.0 = Debug|x64
		{1F4AED4B-7F38-4E5D-9AB1-DE8F96FD2C76}.Debug|x86.ActiveCfg = Debug|Win32
		{1F4AED4B-7F38-4E5D-9AB1-DE8F96FD2C76}.Debug|x86.Build.0 = Debug|Win32
		{1F4AED4B-7F38-4E5D-9AB1-DE8F96FD2C76}.Release|x64.ActiveCfg = Release|x64
		{1F4AED4B-7F38-4E5D-9AB1-DE8F96FD2C76}.Release|x64.Build.0 = Release|x64
		{1F4AED4B-7F38-4E5D-9AB1-DE8F96FD2C76}.Release|x86.ActiveCfg = Release|Win32
		{1F4AED4B-7F38-4E5D-9AB1-DE8F96FD2C76}.Release|x86.Build.0 = Release|Win32
		{C337FF17-BC2C-45E3-93A0-804D48201796}.Debug|x64.ActiveCfg = Debug|x64
		{C337FF17-BC2C-45E3-93A0-804D48201796}.Debug|x64.Build.0 = Debug|x64
		{C337FF17-BC2C-45E3-93A0-804D48201796}.Debug|x86.ActiveCfg = Debug|Win32
		{C337FF17-BC2C-45E3-93A0-804D48201796}.Debug|x86.Build.0 = Debug|Win32
		{C337FF17-BC2C-45E3-93A0-804D48201796}.Release|x64.ActiveCfg = Release|x64
		{C337FF17-BC2C-45E3-93A0-804D48201796}.Release|x64.Build.0 = Release|x64
		{C337FF17-BC2C-45E3-93A0-804D48201796}.Release|x86.ActiveCfg = Release|Win32
		{C337FF17-BC2C-45E3-93A0-804D48201796}.Release|x86.Build.0 = Release|Win32
		{21533AD3-B4F2-4082-AE88-C93C39BC5959}.Debug|x64.ActiveCfg = Debug|x64
		{21533AD3-B4F2-4082-AE88-C93C39BC5959}.Debug|x64.Build.0 = Debug|x64
		{21533AD3-B4F2-4082-AE88-C93C39BC5959}.Debug|x86.ActiveCfg = Debug|Win32
		{21533AD3-B4F2-4082-AE88-C93C39BC5959}.Debug|x86.Build.0 = Debug|Win32
		{21533AD3-B4F2-4082-AE88-C93C39BC5959}.Release|x64.ActiveCfg = Release|x64
		{21533AD3-B4F2-4082-AE88-C93C39BC5959}.Release|x64.Build.0 = Release|x64
		{21533AD3-B4F2-4082-AE88-C93C39BC5959}.Release|x86.ActiveCfg = Release|Win32
		{21533AD3-B4F2-4082-AE88-C93C39BC5959}.Release|x86.Build.0 = Release|Win32
		{96271B80-5C30-4556-9E3C-5FA6E579327B}.Debug|x64.ActiveCfg = Debug|x64
		{96271B80-5C30-4556-9E3C-5FA6E579327B}.Debug|x64.Build.0 = Debug|x64
		{96271B80-5C30-4556-9E3C-5FA6E579327B}.Debug|x86.ActiveCfg = Debug|Win32
		{96271B80-5C30-4556-9E3C-5FA6E579327B}.Debug|x86.Build.0 = Debug|Win32
		{96271B80-5C30-4556-9E3C-5FA6E579327B}.Release|x64.ActiveCfg = Release|x64
		{96271B80-5C30-4556-9E3C-5FA6E579327B}.Release|x64.Build.0 = Release|x64
		{96271B80-5C30-4556-9E3C-5FA6E579327B}.Release|x86.ActiveCfg = Release|Win32
		{96271B80-5C30-4556-9E3C-5FA6E579327B}.Release|x86.Build.0 = Release|Win32
		{296D7DE7-3453-42D9-9FE6-6FD0442FBAF4}.Debug|x64.ActiveCfg = Debug|x64
		{296D7DE7-3453-42D9-9FE6-6FD0442FBAF4}.Debug|x64.Build.0 = Debug|x64
		{296D7DE7-3453-42D9-9FE6-6FD0442FBAF4}.Debug|x86.ActiveCfg = Debug|Win32
		{296D7DE7-3453-42D9-9FE6-6FD0442FBAF4}.Debug|x86.Build.0 = Debug|Win32
		{296D7DE7-3453-42D9-9FE6-6FD0442FBAF4}.Release|x64.ActiveCfg = Release|x64
		{296D7DE7-3453-42D9-9FE6-6FD0442FBAF4}.Release|x64.Build.0 = Release|x64
		{296D7DE7-3453-42D9-9FE6-6FD0442FBAF4}.Release|x86.ActiveCfg = Release|Win32
		{296D7DE7-3453-42D9-9FE6-6FD0442FBAF4}.Release|x86.Build.0 = Release|Win32
		{BBAC3D42-5710-46A6-B183-00C5C7C10BE2}.Debug|x64.ActiveCfg = Debug|x64
		{BBAC3D42-5710-46A6-B183-00C5C7C10BE2}.Debug|x64.Build.0 = Debug|x64
		{BBAC3D42-5710-46A6-B183-00C5C7C10BE2}.Debug|x86.ActiveCfg = Debug|Win32
		{BBAC3D42-5710-46A6-B183-00C5C7C10BE2}.Debug|x86.Build.0 = Debug|Win32
		{BBAC3D42-5710-46A6-B183-00C5C7C10BE2}.Release|x64.ActiveCfg = Release|x64
		{BBAC3D42-5710-46A6-B183-00C5C7C10BE2}.Release|x64.Build.0 = Release|x64
		{BBAC3D42-5710-46A6-B183-00C5C7C10BE2}.Release|x86.ActiveCfg = Release|Win32
		{BBAC3D42-5710-46A6-B183-00C5C7C10BE2}.Release|x86.Build.0 = Release|Win32
		{EB757187-73D1-4134-BF28-E19B6C35779C}.Debug|x64.ActiveCfg = Debug|x64
		{EB757187-73D1-4134-BF28-E19B6C35779C}.Debug|x64.Build.0 = Debug|x64
		{EB757187-73D1-4134-BF28-E19B6C35779C}.Debug|x86.ActiveCfg = Debug|Win32
		{EB757187-73D1-4134-BF28-E19B6C35779C}.Debug|x86.Build.0 = Debug|Win32
		{EB757187-73D1-4134-BF28-E19B6C35779C}.Release|x64.ActiveCfg = Release|x64
		{EB757187-73D1-4134-BF28-E19B6C35779C}.Release|x64.Build.0 = Release|x64
		{EB757187-73D1-4134-BF28-E19B6C35779C}.Release|x86.ActiveCfg = Release|Win32
		{EB757187-73D1-4134-BF28-E19B6C35779C}.Release|x86.Build.0 = Release|Win32
		{8FADECC4-02FB-4660-B202-05DED81BFDE4}.Debug|x64.ActiveCfg = Debug|x64
		{8FADECC4-02FB-4660-B202-05DED81BFDE4}.Debug|x64.Build.0 = Debug|x64
		{8FADECC4-02FB-4660-B202-05DED81BFDE4}.Debug|x86.ActiveCfg = Debug|Win32
		{8FADECC4-02FB-4660-B202-05DED81BFDE4}.Debug|x86.Build.0 = Debug|Win32
		{8FADECC4-02FB-4660-B202-05DED81BFDE4}.Release|x64.ActiveCfg = Release|x64
		{8FADECC4-02FB-4660-B202-05DED81BFDE4}.Release|x64.Build.0 = Release|x64
		{8FADECC4-02FB-4660-B202-05DED81BFDE4}.Release|x86.ActiveCfg = Release|Win32
		{8FADECC4-02FB-4660-B202-05DED81BFDE4}.Release|x86.Build.0 = Release|Win32
		{3B599F32-9021-4F20-B3FC-D3717F356224}.Debug|x64.ActiveCfg = Debug|x64
		{3B599F32-9021-4F20-B3FC-D3717F356224}.Debug|x64.Build.0 = Debug|x64
		{3B599F32-9021-4F20-B3FC-D3717F356224}.Debug|x86.ActiveCfg = Debug|Win32
		{3B599F32-9021-4F20-B3FC-D3717F356224}.Debug|x86.Build.0 = Debug|Win32
		{3B599F32-9021-4F20-B3FC-D3717F356224}.Release|x64.ActiveCfg = Release|x64
		{3B599F32-9021-4F20-B3FC-D3717F356224}.Release|x64.Build.0 = Release|x64
		{3B599F32-9021-4F20-B3FC-D3717F356224}.Release|x86.ActiveCfg = Release|Win32
		{3B599F32-9021-4F20-B3FC-D3717F356224}.Release|x86.Build.0 = Release|Win32
		{500F2E75-3AB8-480F-92C8-15E106033508}.Debug|x64.ActiveCfg = Debug|x64
		{500F2E75-3AB8-480F-92C8-15E106033508}.Debug|x64.Build.0 = Debug|x64
		{500F2E75-3AB8-480F-92C8-15E106033508}.Debug|x86.ActiveCfg = Debug|Win32
		{500F2E75-3AB8-480F-92C8-15E106033508}.Debug|x86.Build.0 = Debug|Win32
		{500F2E75-3AB8-480F-92C8-15E106033508}.Release|x64.ActiveCfg = Release|x64
		{500F2E75-3AB8-480F-92C8-15E106033508}.Release|x64.Build.0 = Release|x64
		{500F2E75-3AB8-480F-92C8-15E106033508}.Release|x86.ActiveCfg = Release|Win32
		{500F2E75-3AB8-480F-92C8-15E106033508}.Release|x86.Build.0 = Release|Win32
		{E4423140-5188-4E8C-A477-AF6E138E4650}.Debug|x64.ActiveCfg = Debug|x64
		{E4423140-5188-4E8C-A477-AF6E138E4650}.Debug|x64.Build.0 = Debug|x64
		{E4423140-5188-4E8C-A477-AF6E138E4650}.Debug|x86.ActiveCfg = Debug|Win32
		{E4423140-5188-4E8C-A477-AF6E138E4650}.Debug|x86.Build.0 = Debug|Win32
		{E4423140-5188-4E8C-A477-AF6E138E4650}.Release|x64.ActiveCfg = Release|x64
		{E4423140-5188-4E8C-A477-AF6E138E4650}.Release|x64.Build.0 = Release|x64
		{E4423140-5188-4E8C-A477-AF6E138E4650}.Release|x86.ActiveCfg = Release|Win32
		{E4423140-5188-4E8C-A477-AF6E138E4650}.Release|x86.Build.0 = Release|Win32
		{311551D7-0AB8-4D22-B2DC-D2A8159553C5}.Debug|x64.ActiveCfg = Debug|x64
		{311551D7-0AB8-4D22-B2DC-D2A8159553C5}.Debug|x64.Build.0 = Debug|x64
		{311551D7-0AB8-4D22-B2DC-D2A8159553C5}.Debug|x86.ActiveCfg = Debug|Win32
		{311551D7-0AB8-4D22-B2DC-D2A8159553C5}.Debug|x86.Build.0 = Debug|Win32
		{311551D7-0AB8-4D22-B2DC-D2A8159553C5}.Release|x64.ActiveCfg = Release|x64
		{311551D7-0AB8-4D22-B2DC-D2A8159553C5}.Release|x64.Build.0 = Release|x64
		{311551D7-0AB8-4D22-B2DC-D2A8159553C5}.Release|x86.ActiveCfg = Release|Win32
		{311551D7-0AB8-4D22-B2DC-D2A8159553C5}.Release|x86.Build.0 = Release|Win32
		{E9F48E2D-0F07-4DB5-8DFB-FCAFABDF2C5A}.Debug|x64.ActiveCfg = Debug|x64
		{E9F48E2D-0F07-4DB5-8DFB-FCAFABDF2C5A}.Debug|x64.Build.0 = Debug|x64
		{E9F48E2D-0F07-4DB5-8DFB-FCAFABDF2C5A}.Debug|x86.ActiveCfg = Debug|Win32
		{E9F48E2D-0F07-4DB5-8DFB-FCAFABDF2C5A}.Debug|x86.Build.0 = Debug|Win32
		{E9F48E2D-0F07-4DB5-8DFB-FCAFABDF2C5A}.Release|x64.ActiveCfg = Release|x64
		{E9F48E2D-0F07-4DB5-8DFB-FCAFABDF2C5A}.Release|x64.Build.0 = Release|x64
		{E9F48E2D-0F07-4DB5-8DFB-FCAFABDF2C5A}.Release|x86.ActiveCfg = Release|Win32
		{E9F48E2D-0F07-4DB5-8DFB-FCAFABDF2C5A}.Release|x86.Build.0 = Release|Win32
		{15580330-389C-4DF7-A39A-62C268BEE837}.Debug|x64.ActiveCfg = Debug|x64
		{15580330-389C-4DF7-A39A-62C268BEE837}.Debug|x64.Build.0 = Debug|x64
		{15580330-389C-4DF7-A39A-62C268BEE837}.Debug|x86.ActiveCfg = Debug|Win32
		{15580330-389C-4DF7-A39A-62C268BEE837}.Debug|x86.Build.0 = Debug|Win32
		{15580330-389C-4DF7-A39A-62C268BEE837}.Release|x64.ActiveCfg = Release|x64
		{15580330-389C-4DF7-A39A-62C268BEE837}.Release|x64.Build.0 = Release|x64
		{15580330-389C-4DF7-A39A-62C268BEE837}.Release|x86.ActiveCfg = Release|Win32
		{15580330-389C-4DF7-A39A-62C268BEE837}.Release|x86.Build.0 = Release|Win32
		{60CFA5EE-9982-48C2-BF98-454B54B22BCA}.Debug|x64.ActiveCfg = Debug|x64
		{60CFA5EE-9982-48C2-BF98-454B54B22BCA}.Debug|x64.Build.0 = Debug|x64
		{60CFA5EE-9982-48C2-BF98-454B54B22BCA}.Debug|x86.ActiveCfg = Debug|Win32
		{60CFA5EE-9982-48C2-BF98-454B54B22BCA}.Debug|x86.Build.0 = Debug|Win32
		{60CFA5EE-9982-48C2-BF98-454B54B22BCA}.Release|x64.ActiveCfg = Release|x64
		{60CFA5EE-9982-48C2-BF98-454B54B22BCA}.Release|x64.Build.0 = Release|x64
		{60CFA5EE-9982-48C2-BF98-454B54B22BCA}.Release|x86.ActiveCfg = Release|Win32
		{60CFA5EE-9982-48C2-BF98-454B54B22BCA}.Release|x86.Build.0 = Release|Win32
		{61F38BD3-D57C-44E5-8A07-FB3170641AF6}.Debug|x64.ActiveCfg = Debug|x64
		{61F38BD3-D57C-44E5-8A07-FB3170641AF6}.Debug|x64.Build.0 = Debug|x64
		{61F38BD3-D57C-44E5-8A07-FB3170641AF6}.Debug|x86.ActiveCfg = Debug|Win32
		{61F38BD3-D57C-44E5-8A07-FB3170641AF6}.Debug|x86.Build.0 = Debug|Win32
		{61F38BD3-D57C-44E5-8A07-FB3170641AF6}.Release|x64.ActiveCfg = Release|x64
		{61F38BD3-D57C-44E5-8A07-FB3170641AF6}.Release|x64.Build.0 = Release|x64
		{61F38BD3-D57C-44E5-8A07-FB3170641AF6}.Release|x86.ActiveCfg = Release|Win32
		{61F38BD3-D57C-44E5-8A07-FB3170641AF6}.Release|x86.Build.0 = Release|Win32
		{D798BB9E-4A48-4F9E-AEA8-0D0D0409C869}.Debug|x64.ActiveCfg = Debug|x64
		{D798BB9E-4A48-4F9E-AEA8-0D0D0409C869}.Debug|x64.Build.0 = Debug|x64
		{D798BB9E-4A48-4F9E-AEA8-0D0D0409C869}.Debug|x86.ActiveCfg = Debug|Win32
		{D798BB9E-4A48-4F9E-AEA8-0D0D0409C869}.Debug|x86.Build.0 = Debug|Win32
		{D798BB9E-4A48-4F9E-AEA8-0D0D0409C869}.Release|x64.ActiveCfg = Release|x64
		{D798BB9E-4A48-4F9E-AEA8-0D0D0409C869}.Release|x64.Build.0 = Release|x64
		{D798BB9E-4A48-4F9E-AEA8-0D0D0409C869}.Release|x86.ActiveCfg = Release|Win32
		{D798BB9E-4A48-4F9E-AEA8-0D0D0409C869}.Release|x86.Build.0 = Release|Win32
		{212EB770-82AF-4484-8006-EE609B6849CE}.Debug|x64.ActiveCfg = Debug|x64
		{212EB770-82AF-4484-8006-EE609B6849CE}.Debug|x64.Build.0 = Debug|x64
		{212EB770-82AF-4484-8006-EE609B6849CE}.Debug|x86.ActiveCfg = Debug|Win32
		{212EB770-82AF-4484-8006-EE609B6849CE}.Debug|x86.Build.0 = Debug|Win32
		{212EB770-82AF-4484-8006-EE609B6849CE}.Release|x64.ActiveCfg = Release|x64
		{212EB770-82AF-4484-8006-EE609B6849CE}.Release|x64.Build.0 = Release|x64
		{212EB770-82AF-4484-8006-EE609B6849CE}.Release|x86.ActiveCfg = Release|Win32
		{212EB770-82AF-4484-8006-EE609B6849CE}.Release|x86.Build.0 = Release|Win32
		{2148C4DA-5F15-43E5-940C-683B426AD911}.Debug|x64.ActiveCfg = Debug|x64
		{2148C4DA-5F15-43E5-940C-683B426AD911}.Debug|x64.Build.0 = Debug|x64
		{2148C4DA-5F15-43E5-940C-683B426AD911}.Debug|x86.ActiveCfg = Debug|Win32
		{2148C4DA-5F15-43E5-940C-683B426AD911}.Debug|x86.Build.0 = Debug|Win32
		{2148C4DA-5F15-43E5-940C-683B426AD911}.Release|x64.ActiveCfg = Release|x64
		{2148C4DA-5F15-43E5-940C-683B426AD911}.Release|x64.Build.0 = Release|x64
		{2148C4DA-5F15-43E5-940C-683B426AD911}.Release|x86.ActiveCfg = Release|Win32
		{2148C4DA-5F15-43E5-940C-683B426AD911}.Release|x86.Build.0 = Release|Win32
		{F6CB32DB-FC7C-44EE-971F-C7D2734EF1AC}.Debug|x64.ActiveCfg = Debug|x64
		{F6CB32DB-FC7C-44EE-971F-C7D2734EF1AC}.Debug|x64.Build.0 = Debug|x64
		{F6CB32DB-FC7C-44EE-971F-C7D2734EF1AC}.Debug|x86.ActiveCfg = Debug|Win32
		{F6CB32DB-FC7C-44EE-971F-C7D2734EF1AC}.Debug|x86.Build.0 = Debug|Win32
		{F6CB32DB-FC7C-44EE-971F-C7D2734EF1AC}.Release|x64.ActiveCfg = Release|x64
		{F6CB32DB-FC7C-44EE-971F-C7D2734EF1AC}.Release|x64.Build.0 = Release|x64
		{F6CB32DB-FC7C-44EE-971F-C7D2734EF1AC}.Release|x86.ActiveCfg = Release|Win32
		{F6CB32DB-FC7C-44EE-971F-C7D2734EF1AC}.Release|x86.Build.0 = Release|Win32
		{A1E94603-C004-4BE4-B6C2-600ED3FFFC6D}.Debug|x64.ActiveCfg = Debug|x64
		{A1E94603-C004-4BE4-B6C2-600ED3FFFC6D}.Debug|x64.Build.0 = Debug|x64
		{A1E94603-C004-4BE4-B6C2-600ED3FFFC6D}.Debug|x86.ActiveCfg = Debug|Win32
		{A1E94603-C004-4BE4-B6C2-600ED3FFFC6D}.Debug|x86.Build.0 = Debug|Win32
		{A1E94603-C004-4BE4-B6C2-600ED3FFFC6D}.Release|x64.ActiveCfg = Release|x64
		{A1E94603-C004-4BE4-B6C2-600ED3FFFC6D}.Release|x64.Build.0 = Release|x64
		{A1E94603-C004-4BE4-B6C2-600ED3FFFC6D}.Release|x86.ActiveCfg = Release|Win32
		{A1E94603-C004-4BE4-B6C2-600ED3FFFC6D}.Release|x86.Build.0 = Release|Win32
		{B86F6C43-4898-48DA-BDB4-51C3AC50A247}.Debug|x64.ActiveCfg = Debug|x64
		{B86F6C43-4898-48DA-BDB4-51C3AC50A247}.Debug|x64.Build.0 = Debug|x64
		{B86F6C43-4898-48DA-BDB4-51C3AC50A247}.Debug|x86.ActiveCfg = Debug|Win32
		{B86F6C43-4898-48DA-BDB4-51C3AC50A247}.Debug|x86.Build.0 = Debug|Win32
		{B86F6C43-4898-48DA-BDB4-51C3AC50A247}.Release|x64.ActiveCfg = Release|x64
		{B86F6C43-4898-48DA-BDB4-51C3AC50A247}.Release|x64.Build.0 = Release|x64
		{B86F6C43-4898-48DA-BDB4-51C3AC50A247}.Release|x86.ActiveCfg = Release|Win32
		{B86F6C43-4898-48DA-BDB4-51C3AC50A247}.Release|x86.Build.0 = Release|Win32
		{68AFFF16-0648-40C5-A8E4-715960A0E820}.Debug|x64.ActiveCfg = Debug|x64
		{68AFFF16-0648-40C5-A8E4-715960A0E820}.Debug|x64.Build.0 = Debug|x64
		{68AFFF16-0648-40C5-A8E4-715960A0E820}.Debug|x86.ActiveCfg = Debug|Win32
		{68AFFF16-0648-40C5-A8E4-715960A0E820}.Debug|x86.Build.0 = Debug|Win32
		{68AFFF16-0648-40C5-A8E4-715960A0E820}.Release|x64.ActiveCfg = Release|x64
		{68AFFF16-0648-40C5-A8E4-715960A0E820}.Release|x64.Build.0 = Release|x64
		{68AFFF16-0648-40C5-A8E4-715960A0E820}.Release|x86.ActiveCfg = Release|Win32
		{68AFFF16-0648-40C5-A8E4-715960A0E820}.Release|x86.Build.0 = Release|Win32
		{FA212EDF-4CE1-404C-BFB9-DC839710998A}.Debug|x64.ActiveCfg = Debug|x64
		{FA212EDF-4CE1-404C-BFB9-DC839710998A}.Debug|x64.Build.0 = Debug|x64
		{FA212EDF-4CE1-404C-BFB9-DC839710998A}.Debug|x86.ActiveCfg = Debug|Win32
		{FA212EDF-4CE1-404C-BFB9-DC839710998A}.Debug|x86.Build.0 = Debug|Win32
		{FA212EDF-4CE1-404C-BFB9-DC839710998A}.Release|x64.ActiveCfg = Release|x64
		{FA212EDF-4CE1-404C-BFB9-DC839710998A}.Release|x64.Build.0 = Release|x64
		{FA212EDF-4CE1-404C-BFB9-DC839710998A}.Release|x86.ActiveCfg = Release|Win32
		{FA212EDF-4CE1-404C-BFB9-DC839710998A}.Release|x86.Build.0 = Release|Win32
		{D086EFCF-4A4A-41A6-A77C-84F9C593E16E}.Debug|x64.ActiveCfg = Debug|x64
		{D086EFCF-4A4A-41A6-A77C-84F9C593E16E}.Debug|x64.Build.0 = Debug|x64
		{D086EFCF-4A4A-41A6-A77C-84F9C593E16E}.Debug|x86.ActiveCfg = Debug|Win32
		{D086EFCF-4A4A-41A6-A77C-84F9C593E16E}.Debug|x86.Build.0 = Debug|Win32
		{D086EFCF-4A4A-41A6-A77C-84F9C593E16E}.Release|x64.ActiveCfg = Release|x64
		{D086EFCF-4A4A-41A6-A77C-84F9C593E16E}.Release|x64.Build.0 = Release|x64
		{D086EFCF-4A4A-41A6-A77C-84F9C593E16E}.Release|x86.ActiveCfg = Release|Win32
		{D086EFCF-4A4A-41A6-A77C-84F9C593E16E}.Release|x86.Build.0 = Release|Win32
		{9A66A663-8B26-4ED4-90F7-AA2FD49DA2D6}.Debug|x64.ActiveCfg = Debug|x64
		{9A66A663-8B26-4ED4-90F7-AA2FD49DA2D6}.Debug|x64.Build.0 = Debug|x64
		{9A66A663-8B26-4ED4-90F7-AA2FD49DA2D6}.Debug|x86.ActiveCfg = Debug|Win32
		{9A66A663-8B26-4ED4-90F7-AA2FD49DA2D6}.Debug|x86.Build.0 = Debug|Win32
		{9A66A663-8B26-4ED4-90F7-AA2FD49DA2D6}.Release|x64.ActiveCfg = Release|x64
		{9A66A663-8B26-4ED4-90F7-AA2FD49DA2D6}.Release|x64.Build.0 = Release|x64
		{9A66A663-8B26-4ED4-90F7-AA2FD49DA2D6}.Release|x86.ActiveCfg = Release|Win32
		{9A66A663-8B26-4ED4-90F7-AA2FD49DA2D6}.Release|x86.Build.0 = Release|Win32
		{44E87123-6687-4DB3-BDDC-7C06E6CD67EB}.Debug|x64.ActiveCfg = Debug|x64
		{44E87123-6687-4DB3-BDDC-7C06E6CD67EB}.Debug|x64.Build.0 = Debug|x64
		{44E87123-6687-4DB3-BDDC-7C06E6CD67EB}.Debug|x86.ActiveCfg = Debug|Win32
		{44E87123-6687-4DB3-BDDC-7C06E6CD67EB}.Debug|x86.Build.0 = Debug|Win32
		{44E87123-6687-4DB3-BDDC-7C06E6CD67EB}.Release|x64.ActiveCfg = Release|x64
		{44E87123-6687-4DB3-BDDC-7C06E6CD67EB}.Release|x64.Build.0 = Release|x64
		{44E87123-6687-4DB3-BDDC-7C06E6CD67EB}.Release|x86.ActiveCfg = Release|Win32
		{44E87123-6687-4DB3-BDDC-7C06E6CD67EB}.Release|x86.Build.0 = Release|Win32
		{BDCE614E-6715-469F-982D-75D873082BC3}.Debug|x64.ActiveCfg = Debug|x64
		{BDCE614E-6715-469F-982D-75D873082BC3}.Debug|x64.Build.0 = Debug|x64
		{BDCE614E-6715-469F-982D-75D873082BC3}.Debug|x86.ActiveCfg = Debug|Win32
		{BDCE614E-6715-469F-982D-75D873082BC3}.Debug|x86.Build.0 = Debug|Win32
		{BDCE614E-6715-469F-982D-75D873082BC3}.Release|x64.ActiveCfg = Release|x64
		{BDCE614E-6715-469F-982D-75D873082BC3}.Release|x64.Build.0 = Release|x64
		{BDCE614E-6715-469F-982D-75D873082BC3}.Release|x86.ActiveCfg = Release|Win32
		{BDCE614E-6715-469F-982D-75D873082BC3}.Release|x86.Build.0 = Release|Win32
		{C1C1147F-FF9C-4FD6-A5B0-C84A5FF864E8}.Debug|x64.ActiveCfg = Debug|x64
		{C1C1147F-FF9C-4FD6-A5B0-C84A5FF864E8}.Debug|x64.Build.0 = Debug|x64
		{C1C1147F-FF9C-4FD6-A5B0-C84A5FF864E8}.Debug|x86.ActiveCfg = Debug|Win32
		{C1C1147F-FF9C-4FD6-A5B0-C84A5FF864E8}.Debug|x86.Build.0 = Debug|Win32
		{C1C1147F-FF9C-4FD6-A5B0-C84A5FF864E8}.Release|x64.ActiveCfg = Release|x64
		{C1C1147F-FF9C-4FD6-A5B0-C84A5FF864E8}.Release|x64.Build.0 = Release|x64
		{C1C1147F-FF9C-4FD6-A5B0-C84A5FF864E8}.Release|x86.ActiveCfg = Release|Win32
		{C1C1147F-FF9C-4FD6-A5B0-C84A5FF864E8}.Release|x86.Build.0 = Release|Win32
		{6C632953-4F36-480B-B10C-2706AFEEC7BB}.Debug|x64.ActiveCfg = Debug|x64
		{6C632953-4F36-480B-B10C-2706AFEEC7BB}.Debug|x64.Build.0 = Debug|x64
		{6C632953-4F36-480B-B10C-2706AFEEC7BB}.Debug|x86.ActiveCfg = Debug|Win32
		{6C632953-4F36-480B-B10C-2706AFEEC7BB}.Debug|x86.Build.0 = Debug|Win32
		{6C632953-4F36-480B-B10C-2706AFEEC7BB}.Release|x64.ActiveCfg = Release|x64
		{6C632953-4F36-480B-B10C-2706AFEEC7BB}.Release|x64.Build.0 = Release|x64
		{6C632953-4F36-480B-B10C-2706AFEEC7BB}.Release|x86.ActiveCfg = Release|Win32
		{6C632953-4F36-480B-B10C-2706AFEEC7BB}.Release|x86.Build.0 = Release|Win32
		{2958558C-B10E-4A44-BB9F-E20C0F048829}.Debug|x64.ActiveCfg = Debug|x64
		{2958558C-B10E-4A44-BB9F-E20C0F048829}.Debug|x64.Build.0 = Debug|x64
		{2958558C-B10E-4A44-BB9F-E20C0F048829}.Debug|x86.ActiveCfg = Debug|Win32
		{2958558C-B10E-4A44-BB9F-E20C0F048829}.Debug|x86.Build.0 = Debug|Win32
		{2958558C-B10E-4A44-BB9F-E20C0F048829}.Release|x64.ActiveCfg = Release|x64
		{2958558C-B10E-4A44-BB9F-E20C0F048829}.Release|x64.Build.0 = Release|x64
		{2958558C-B10E-4A44-BB9F-E20C0F048829}.Release|x86.ActiveCfg = Release|Win32
		{2958558C-B10E-4A44-BB9F-E20C0F048829}.Release|x86.Build.0 = Release|Win32
		{07524516-D550-454D-BFE4-A4BA41DDACAC}.Debug|x64.ActiveCfg = Debug|x64
		{07524516-D550-454D-BFE4-A4BA41DDACAC}.Debug|x64.Build.0 = Debug|x64
		{07524516-D550-454D-BFE4-A4BA41DDACAC}.Debug|x86.ActiveCfg = Debug|Win32
		{07524516-D550-454D-BFE4-A4BA41DDACAC}.Debug|x86.Build.0 = Debug|Win32
		{07524516-D550-454D-BFE4-A4BA41DDACAC}.Release|x64.ActiveCfg = Release|x64
		{07524516-D550-454D-BFE4-A4BA41DDACAC}.Release|x64.Build.0 = Release|x64
		{07524516-D550-454D-BFE4-A4BA41DDACAC}.Release|x86.ActiveCfg = Release|Win32
		{07524516-D550-454D-BFE4-A4BA41DDACAC}.Release|x86.Build.0 = Release|Win32
		{C85DAED0-C0CF-41E9-B500-BFA144F44608}.Debug|x64.ActiveCfg = Debug|x64
		{C85DAED0-C0CF-41E9-B500-BFA144F44608}.Debug|x64.Build.0 = Debug|x64
		{C85DAED0-C0CF-41E9-B500-BFA144F44608}.Debug|x86.ActiveCfg = Debug|Win32
		{C85DAED0-C0CF-41E9-B500-BFA144F44608}.Debug|x86.Build.0 = Debug|Win32
		{C85DAED0-C0CF-41E9-B500-BFA144F44608}.Release|x64.ActiveCfg = Release|x64
		{C85DAED0-C0CF-41E9-B500-BFA144F44608}.Release|x64.Build.0 = Release|x64
		{C85DAED0-C0CF-41E9-B500-BFA144F44608}.Release|x86.ActiveCfg = Release|Win32
		{C85DAED0-C0CF-41E9-B500-BFA144F44608}.Release|x86.Build.0 = Release|Win32
		{AC72EAD2-190C-43FB-BCA0-74C24BB67504}.Debug|x64.ActiveCfg = Debug|x64
		{AC72EAD2-190C-43FB-BCA0-74C24BB67504}.Debug|x64.Build.0 = Debug|x64
		{AC72EAD2-190C-43FB-BCA0-74C24BB67504}.Debug|x86.ActiveCfg = Debug|Win32
		{AC72EAD2-190C-43FB-BCA0-74C24BB67504}.Debug|x86.Build.0 = Debug|Win32
		{AC72EAD2-190C-43FB-BCA0-74C24BB67504}.Release|x64.ActiveCfg = Release|x64
		{AC72EAD2-190C-43FB-BCA0-74C24BB67504}.Release|x64.Build.0 = Release|x64
		{AC72EAD2-190C-43FB-BCA0-74C24BB67504}.Release|x86.ActiveCfg = Release|Win32
		{AC72EAD2-190C-43FB-BCA0-74C24BB67504}.Release|x86.Build.0 = Release|Win32
		{C229B09B-6852-4877-A58C-9E2C04EA6C6F}.Debug|x64.ActiveCfg = Debug|x64
		{C229B09B-6852-4877-A58C-9E2C04EA6C6F}.Debug|x64.Build.0 = Debug|x64
		{C229B09B-6852-4877-A58C-9E2C04EA6C6F}.Debug|x86.ActiveCfg = Debug|Win32
		{C229B09B-6852-4877-A58C-9E2C04EA6C6F}.Debug|x86.Build.0 = Debug|Win32
		{C229B09B-6852-4877-A58C-9E2C04EA6C6F}.Release|x64.ActiveCfg = Release|x64
		{C229B09B-6852-4877-A58C-9E2C04EA6C6F}.Release|x64.Build.0 = Release|x64
		{C229B09B-6852-4877-A58C-9E2C04EA6C6F}.Release|x86.ActiveCfg = Release|Win32
		{C229B09B-6852-4877-A58C-9E2C04EA6C6F}.Release|x86.Build.0 = Release|Win32
		{167EC3D8-A928-4A6C-8EF3-FA9AFD62D963}.Debug|x64.ActiveCfg = Debug|x64
		{167EC3D8-A928-4A6C-8EF3-FA9AFD62D963}.Debug|x64.Build.0 = Debug|x64
		{167EC3D8-A928-4A6C-8EF3-FA9AFD62D963}.Debug|x86.ActiveCfg = Debug|Win32
		{167EC3D8-A928-4A6C-8EF3-FA9AFD62D963}.Debug|x86.Build.0 = Debug|Win32
		{167EC3D8-A928-4A6C-8EF3-FA9AFD62D963}.Release|x64.ActiveCfg = Release|x64
		{167EC3D8-A928-4A6C-8EF3-FA9AFD62D963}.Release|x64.Build.0 = Release|x64
		{167EC3D8-A928-4A6C-8EF3-FA9AFD62D963}.Release|x86.ActiveCfg = Release|Win32
		{167EC3D8-A928-4A6C-8EF3-FA9AFD62D963}.Release|x86.Build.0 = Release|Win32
	EndGlobalSection
	GlobalSection(SolutionProperties) = preSolution
		HideSolutionNode = FALSE
	EndGlobalSection
	GlobalSection(ExtensibilityGlobals) = postSolution
		SolutionGuid = {38B48CA3-17B6-4F67-9E8B-C735D7F2C52B}
	EndGlobalSection
EndGlobal
